// !$*UTF8*$!
{
	archiveVersion = 1;
	classes = {
	};
	objectVersion = 56;
	objects = {

/* Begin PBXBuildFile section */
		AD456B6B2C85C59300029DD5 /* AppDelegate.swift in Sources */ = {isa = PBXBuildFile; fileRef = AD456B6A2C85C59300029DD5 /* AppDelegate.swift */; };
		AD456B6D2C85C59300029DD5 /* SceneDelegate.swift in Sources */ = {isa = PBXBuildFile; fileRef = AD456B6C2C85C59300029DD5 /* SceneDelegate.swift */; };
		AD456B722C85C59300029DD5 /* Base in Resources */ = {isa = PBXBuildFile; fileRef = AD456B712C85C59300029DD5 /* Base */; };
		AD456B742C85C59500029DD5 /* Assets.xcassets in Resources */ = {isa = PBXBuildFile; fileRef = AD456B732C85C59500029DD5 /* Assets.xcassets */; };
		AD456B772C85C59500029DD5 /* Base in Resources */ = {isa = PBXBuildFile; fileRef = AD456B762C85C59500029DD5 /* Base */; };
		AD456B7F2C85C67D00029DD5 /* RandomRecipeViewController.swift in Sources */ = {isa = PBXBuildFile; fileRef = AD456B7E2C85C67D00029DD5 /* RandomRecipeViewController.swift */; };
		AD456B812C85C6B000029DD5 /* HistoryViewController.swift in Sources */ = {isa = PBXBuildFile; fileRef = AD456B802C85C6B000029DD5 /* HistoryViewController.swift */; };
		AD456B832C85C6D500029DD5 /* FavoritesViewController.swift in Sources */ = {isa = PBXBuildFile; fileRef = AD456B822C85C6D500029DD5 /* FavoritesViewController.swift */; };
		AD456B852C85CA1900029DD5 /* TabBarController.swift in Sources */ = {isa = PBXBuildFile; fileRef = AD456B842C85CA1900029DD5 /* TabBarController.swift */; };
		AD456B8B2C85D35C00029DD5 /* Ingredient.swift in Sources */ = {isa = PBXBuildFile; fileRef = AD456B8A2C85D35C00029DD5 /* Ingredient.swift */; };
		AD456B8D2C85D37A00029DD5 /* Recipe.swift in Sources */ = {isa = PBXBuildFile; fileRef = AD456B8C2C85D37A00029DD5 /* Recipe.swift */; };
		AD456B8F2C85D56D00029DD5 /* RecipesResponse.swift in Sources */ = {isa = PBXBuildFile; fileRef = AD456B8E2C85D56D00029DD5 /* RecipesResponse.swift */; };
		AD456B922C85D5B700029DD5 /* NetworkService.swift in Sources */ = {isa = PBXBuildFile; fileRef = AD456B912C85D5B700029DD5 /* NetworkService.swift */; };
		AD456B952C85E8B000029DD5 /* Kingfisher in Frameworks */ = {isa = PBXBuildFile; productRef = AD456B942C85E8B000029DD5 /* Kingfisher */; };
		AD456B982C85EA0400029DD5 /* RecipeView.swift in Sources */ = {isa = PBXBuildFile; fileRef = AD456B972C85EA0400029DD5 /* RecipeView.swift */; };
		AD456B9B2C871B7600029DD5 /* PaddedLabel.swift in Sources */ = {isa = PBXBuildFile; fileRef = AD456B9A2C871B7600029DD5 /* PaddedLabel.swift */; };
		AD456B9D2C8730C600029DD5 /* StorageService.swift in Sources */ = {isa = PBXBuildFile; fileRef = AD456B9C2C8730C600029DD5 /* StorageService.swift */; };
		AD456B9F2C87343600029DD5 /* APIConfiguration.swift in Sources */ = {isa = PBXBuildFile; fileRef = AD456B9E2C87343600029DD5 /* APIConfiguration.swift */; };
/* End PBXBuildFile section */

/* Begin PBXFileReference section */
		AD456B672C85C59300029DD5 /* recipes-uikit.app */ = {isa = PBXFileReference; explicitFileType = wrapper.application; includeInIndex = 0; path = "recipes-uikit.app"; sourceTree = BUILT_PRODUCTS_DIR; };
		AD456B6A2C85C59300029DD5 /* AppDelegate.swift */ = {isa = PBXFileReference; lastKnownFileType = sourcecode.swift; path = AppDelegate.swift; sourceTree = "<group>"; };
		AD456B6C2C85C59300029DD5 /* SceneDelegate.swift */ = {isa = PBXFileReference; lastKnownFileType = sourcecode.swift; path = SceneDelegate.swift; sourceTree = "<group>"; };
		AD456B712C85C59300029DD5 /* Base */ = {isa = PBXFileReference; lastKnownFileType = file.storyboard; name = Base; path = Base.lproj/Main.storyboard; sourceTree = "<group>"; };
		AD456B732C85C59500029DD5 /* Assets.xcassets */ = {isa = PBXFileReference; lastKnownFileType = folder.assetcatalog; path = Assets.xcassets; sourceTree = "<group>"; };
		AD456B762C85C59500029DD5 /* Base */ = {isa = PBXFileReference; lastKnownFileType = file.storyboard; name = Base; path = Base.lproj/LaunchScreen.storyboard; sourceTree = "<group>"; };
		AD456B782C85C59500029DD5 /* Info.plist */ = {isa = PBXFileReference; lastKnownFileType = text.plist.xml; path = Info.plist; sourceTree = "<group>"; };
		AD456B7E2C85C67D00029DD5 /* RandomRecipeViewController.swift */ = {isa = PBXFileReference; lastKnownFileType = sourcecode.swift; path = RandomRecipeViewController.swift; sourceTree = "<group>"; };
		AD456B802C85C6B000029DD5 /* HistoryViewController.swift */ = {isa = PBXFileReference; lastKnownFileType = sourcecode.swift; path = HistoryViewController.swift; sourceTree = "<group>"; };
		AD456B822C85C6D500029DD5 /* FavoritesViewController.swift */ = {isa = PBXFileReference; lastKnownFileType = sourcecode.swift; path = FavoritesViewController.swift; sourceTree = "<group>"; };
		AD456B842C85CA1900029DD5 /* TabBarController.swift */ = {isa = PBXFileReference; lastKnownFileType = sourcecode.swift; path = TabBarController.swift; sourceTree = "<group>"; };
		AD456B8A2C85D35C00029DD5 /* Ingredient.swift */ = {isa = PBXFileReference; lastKnownFileType = sourcecode.swift; path = Ingredient.swift; sourceTree = "<group>"; };
		AD456B8C2C85D37A00029DD5 /* Recipe.swift */ = {isa = PBXFileReference; lastKnownFileType = sourcecode.swift; path = Recipe.swift; sourceTree = "<group>"; };
		AD456B8E2C85D56D00029DD5 /* RecipesResponse.swift */ = {isa = PBXFileReference; lastKnownFileType = sourcecode.swift; path = RecipesResponse.swift; sourceTree = "<group>"; };
		AD456B912C85D5B700029DD5 /* NetworkService.swift */ = {isa = PBXFileReference; lastKnownFileType = sourcecode.swift; path = NetworkService.swift; sourceTree = "<group>"; };
		AD456B972C85EA0400029DD5 /* RecipeView.swift */ = {isa = PBXFileReference; lastKnownFileType = sourcecode.swift; path = RecipeView.swift; sourceTree = "<group>"; };
		AD456B9A2C871B7600029DD5 /* PaddedLabel.swift */ = {isa = PBXFileReference; lastKnownFileType = sourcecode.swift; path = PaddedLabel.swift; sourceTree = "<group>"; };
		AD456B9C2C8730C600029DD5 /* StorageService.swift */ = {isa = PBXFileReference; lastKnownFileType = sourcecode.swift; path = StorageService.swift; sourceTree = "<group>"; };
		AD456B9E2C87343600029DD5 /* APIConfiguration.swift */ = {isa = PBXFileReference; lastKnownFileType = sourcecode.swift; path = APIConfiguration.swift; sourceTree = "<group>"; };
/* End PBXFileReference section */

/* Begin PBXFrameworksBuildPhase section */
		AD456B642C85C59300029DD5 /* Frameworks */ = {
			isa = PBXFrameworksBuildPhase;
			buildActionMask = 2147483647;
			files = (
				AD456B952C85E8B000029DD5 /* Kingfisher in Frameworks */,
			);
			runOnlyForDeploymentPostprocessing = 0;
		};
/* End PBXFrameworksBuildPhase section */

/* Begin PBXGroup section */
		AD456B5E2C85C59300029DD5 = {
			isa = PBXGroup;
			children = (
				AD456B692C85C59300029DD5 /* recipes-uikit */,
				AD456B682C85C59300029DD5 /* Products */,
			);
			sourceTree = "<group>";
		};
		AD456B682C85C59300029DD5 /* Products */ = {
			isa = PBXGroup;
			children = (
				AD456B672C85C59300029DD5 /* recipes-uikit.app */,
			);
			name = Products;
			sourceTree = "<group>";
		};
		AD456B692C85C59300029DD5 /* recipes-uikit */ = {
			isa = PBXGroup;
			children = (
				AD456B862C85CDBB00029DD5 /* App */,
				AD456B992C871B5100029DD5 /* CommonViews */,
				AD456B892C85D34B00029DD5 /* Models */,
				AD456B882C85CDEB00029DD5 /* Screens */,
				AD456B902C85D57B00029DD5 /* Services */,
				AD456B702C85C59300029DD5 /* Main.storyboard */,
				AD456B732C85C59500029DD5 /* Assets.xcassets */,
				AD456B752C85C59500029DD5 /* LaunchScreen.storyboard */,
				AD456B782C85C59500029DD5 /* Info.plist */,
			);
			path = "recipes-uikit";
			sourceTree = "<group>";
		};
		AD456B862C85CDBB00029DD5 /* App */ = {
			isa = PBXGroup;
			children = (
				AD456B6A2C85C59300029DD5 /* AppDelegate.swift */,
				AD456B6C2C85C59300029DD5 /* SceneDelegate.swift */,
			);
			path = App;
			sourceTree = "<group>";
		};
		AD456B872C85CDCC00029DD5 /* TabBar */ = {
			isa = PBXGroup;
			children = (
				AD456B842C85CA1900029DD5 /* TabBarController.swift */,
			);
			path = TabBar;
			sourceTree = "<group>";
		};
		AD456B882C85CDEB00029DD5 /* Screens */ = {
			isa = PBXGroup;
			children = (
				AD456B962C85E9D400029DD5 /* RandomRecipe */,
				AD456B872C85CDCC00029DD5 /* TabBar */,
				AD456B802C85C6B000029DD5 /* HistoryViewController.swift */,
				AD456B822C85C6D500029DD5 /* FavoritesViewController.swift */,
			);
			path = Screens;
			sourceTree = "<group>";
		};
		AD456B892C85D34B00029DD5 /* Models */ = {
			isa = PBXGroup;
			children = (
				AD456B8A2C85D35C00029DD5 /* Ingredient.swift */,
				AD456B8C2C85D37A00029DD5 /* Recipe.swift */,
				AD456B8E2C85D56D00029DD5 /* RecipesResponse.swift */,
			);
			path = Models;
			sourceTree = "<group>";
		};
		AD456B902C85D57B00029DD5 /* Services */ = {
			isa = PBXGroup;
			children = (
				AD456B9E2C87343600029DD5 /* APIConfiguration.swift */,
				AD456B912C85D5B700029DD5 /* NetworkService.swift */,
				AD456B9C2C8730C600029DD5 /* StorageService.swift */,
			);
			path = Services;
			sourceTree = "<group>";
		};
		AD456B962C85E9D400029DD5 /* RandomRecipe */ = {
			isa = PBXGroup;
			children = (
				AD456B7E2C85C67D00029DD5 /* RandomRecipeViewController.swift */,
				AD456B972C85EA0400029DD5 /* RecipeView.swift */,
			);
			path = RandomRecipe;
			sourceTree = "<group>";
		};
		AD456B992C871B5100029DD5 /* CommonViews */ = {
			isa = PBXGroup;
			children = (
				AD456B9A2C871B7600029DD5 /* PaddedLabel.swift */,
			);
			path = CommonViews;
			sourceTree = "<group>";
		};
/* End PBXGroup section */

/* Begin PBXNativeTarget section */
		AD456B662C85C59300029DD5 /* recipes-uikit */ = {
			isa = PBXNativeTarget;
			buildConfigurationList = AD456B7B2C85C59500029DD5 /* Build configuration list for PBXNativeTarget "recipes-uikit" */;
			buildPhases = (
				AD456B632C85C59300029DD5 /* Sources */,
				AD456B642C85C59300029DD5 /* Frameworks */,
				AD456B652C85C59300029DD5 /* Resources */,
			);
			buildRules = (
			);
			dependencies = (
			);
			name = "recipes-uikit";
			packageProductDependencies = (
				AD456B942C85E8B000029DD5 /* Kingfisher */,
			);
			productName = "recipes-uikit";
			productReference = AD456B672C85C59300029DD5 /* recipes-uikit.app */;
			productType = "com.apple.product-type.application";
		};
/* End PBXNativeTarget section */

/* Begin PBXProject section */
		AD456B5F2C85C59300029DD5 /* Project object */ = {
			isa = PBXProject;
			attributes = {
				BuildIndependentTargetsInParallel = 1;
				LastSwiftUpdateCheck = 1540;
				LastUpgradeCheck = 1540;
				TargetAttributes = {
					AD456B662C85C59300029DD5 = {
						CreatedOnToolsVersion = 15.4;
					};
				};
			};
			buildConfigurationList = AD456B622C85C59300029DD5 /* Build configuration list for PBXProject "recipes-uikit" */;
			compatibilityVersion = "Xcode 14.0";
			developmentRegion = en;
			hasScannedForEncodings = 0;
			knownRegions = (
				en,
				Base,
			);
			mainGroup = AD456B5E2C85C59300029DD5;
			packageReferences = (
				AD456B932C85E8B000029DD5 /* XCRemoteSwiftPackageReference "Kingfisher" */,
			);
			productRefGroup = AD456B682C85C59300029DD5 /* Products */;
			projectDirPath = "";
			projectRoot = "";
			targets = (
				AD456B662C85C59300029DD5 /* recipes-uikit */,
			);
		};
/* End PBXProject section */

/* Begin PBXResourcesBuildPhase section */
		AD456B652C85C59300029DD5 /* Resources */ = {
			isa = PBXResourcesBuildPhase;
			buildActionMask = 2147483647;
			files = (
				AD456B742C85C59500029DD5 /* Assets.xcassets in Resources */,
				AD456B772C85C59500029DD5 /* Base in Resources */,
				AD456B722C85C59300029DD5 /* Base in Resources */,
			);
			runOnlyForDeploymentPostprocessing = 0;
		};
/* End PBXResourcesBuildPhase section */

/* Begin PBXSourcesBuildPhase section */
		AD456B632C85C59300029DD5 /* Sources */ = {
			isa = PBXSourcesBuildPhase;
			buildActionMask = 2147483647;
			files = (
				AD456B6B2C85C59300029DD5 /* AppDelegate.swift in Sources */,
				AD456B9B2C871B7600029DD5 /* PaddedLabel.swift in Sources */,
				AD456B7F2C85C67D00029DD5 /* RandomRecipeViewController.swift in Sources */,
				AD456B8B2C85D35C00029DD5 /* Ingredient.swift in Sources */,
				AD456B812C85C6B000029DD5 /* HistoryViewController.swift in Sources */,
				AD456B9F2C87343600029DD5 /* APIConfiguration.swift in Sources */,
				AD456B982C85EA0400029DD5 /* RecipeView.swift in Sources */,
				AD456B852C85CA1900029DD5 /* TabBarController.swift in Sources */,
				AD456B9D2C8730C600029DD5 /* StorageService.swift in Sources */,
				AD456B832C85C6D500029DD5 /* FavoritesViewController.swift in Sources */,
				AD456B6D2C85C59300029DD5 /* SceneDelegate.swift in Sources */,
				AD456B922C85D5B700029DD5 /* NetworkService.swift in Sources */,
				AD456B8D2C85D37A00029DD5 /* Recipe.swift in Sources */,
				AD456B8F2C85D56D00029DD5 /* RecipesResponse.swift in Sources */,
			);
			runOnlyForDeploymentPostprocessing = 0;
		};
/* End PBXSourcesBuildPhase section */

/* Begin PBXVariantGroup section */
		AD456B702C85C59300029DD5 /* Main.storyboard */ = {
			isa = PBXVariantGroup;
			children = (
				AD456B712C85C59300029DD5 /* Base */,
			);
			name = Main.storyboard;
			sourceTree = "<group>";
		};
		AD456B752C85C59500029DD5 /* LaunchScreen.storyboard */ = {
			isa = PBXVariantGroup;
			children = (
				AD456B762C85C59500029DD5 /* Base */,
			);
			name = LaunchScreen.storyboard;
			sourceTree = "<group>";
		};
/* End PBXVariantGroup section */

/* Begin XCBuildConfiguration section */
		AD456B792C85C59500029DD5 /* Debug */ = {
			isa = XCBuildConfiguration;
			buildSettings = {
				ALWAYS_SEARCH_USER_PATHS = NO;
				ASSETCATALOG_COMPILER_GENERATE_SWIFT_ASSET_SYMBOL_EXTENSIONS = YES;
				CLANG_ANALYZER_NONNULL = YES;
				CLANG_ANALYZER_NUMBER_OBJECT_CONVERSION = YES_AGGRESSIVE;
				CLANG_CXX_LANGUAGE_STANDARD = "gnu++20";
				CLANG_ENABLE_MODULES = YES;
				CLANG_ENABLE_OBJC_ARC = YES;
				CLANG_ENABLE_OBJC_WEAK = YES;
				CLANG_WARN_BLOCK_CAPTURE_AUTORELEASING = YES;
				CLANG_WARN_BOOL_CONVERSION = YES;
				CLANG_WARN_COMMA = YES;
				CLANG_WARN_CONSTANT_CONVERSION = YES;
				CLANG_WARN_DEPRECATED_OBJC_IMPLEMENTATIONS = YES;
				CLANG_WARN_DIRECT_OBJC_ISA_USAGE = YES_ERROR;
				CLANG_WARN_DOCUMENTATION_COMMENTS = YES;
				CLANG_WARN_EMPTY_BODY = YES;
				CLANG_WARN_ENUM_CONVERSION = YES;
				CLANG_WARN_INFINITE_RECURSION = YES;
				CLANG_WARN_INT_CONVERSION = YES;
				CLANG_WARN_NON_LITERAL_NULL_CONVERSION = YES;
				CLANG_WARN_OBJC_IMPLICIT_RETAIN_SELF = YES;
				CLANG_WARN_OBJC_LITERAL_CONVERSION = YES;
				CLANG_WARN_OBJC_ROOT_CLASS = YES_ERROR;
				CLANG_WARN_QUOTED_INCLUDE_IN_FRAMEWORK_HEADER = YES;
				CLANG_WARN_RANGE_LOOP_ANALYSIS = YES;
				CLANG_WARN_STRICT_PROTOTYPES = YES;
				CLANG_WARN_SUSPICIOUS_MOVE = YES;
				CLANG_WARN_UNGUARDED_AVAILABILITY = YES_AGGRESSIVE;
				CLANG_WARN_UNREACHABLE_CODE = YES;
				CLANG_WARN__DUPLICATE_METHOD_MATCH = YES;
				COPY_PHASE_STRIP = NO;
				DEBUG_INFORMATION_FORMAT = dwarf;
				ENABLE_STRICT_OBJC_MSGSEND = YES;
				ENABLE_TESTABILITY = YES;
				ENABLE_USER_SCRIPT_SANDBOXING = YES;
				GCC_C_LANGUAGE_STANDARD = gnu17;
				GCC_DYNAMIC_NO_PIC = NO;
				GCC_NO_COMMON_BLOCKS = YES;
				GCC_OPTIMIZATION_LEVEL = 0;
				GCC_PREPROCESSOR_DEFINITIONS = (
					"DEBUG=1",
					"$(inherited)",
				);
				GCC_WARN_64_TO_32_BIT_CONVERSION = YES;
				GCC_WARN_ABOUT_RETURN_TYPE = YES_ERROR;
				GCC_WARN_UNDECLARED_SELECTOR = YES;
				GCC_WARN_UNINITIALIZED_AUTOS = YES_AGGRESSIVE;
				GCC_WARN_UNUSED_FUNCTION = YES;
				GCC_WARN_UNUSED_VARIABLE = YES;
				IPHONEOS_DEPLOYMENT_TARGET = 17.5;
				LOCALIZATION_PREFERS_STRING_CATALOGS = YES;
				MTL_ENABLE_DEBUG_INFO = INCLUDE_SOURCE;
				MTL_FAST_MATH = YES;
				ONLY_ACTIVE_ARCH = YES;
				SDKROOT = iphoneos;
				SWIFT_ACTIVE_COMPILATION_CONDITIONS = "DEBUG $(inherited)";
				SWIFT_OPTIMIZATION_LEVEL = "-Onone";
			};
			name = Debug;
		};
		AD456B7A2C85C59500029DD5 /* Release */ = {
			isa = XCBuildConfiguration;
			buildSettings = {
				ALWAYS_SEARCH_USER_PATHS = NO;
				ASSETCATALOG_COMPILER_GENERATE_SWIFT_ASSET_SYMBOL_EXTENSIONS = YES;
				CLANG_ANALYZER_NONNULL = YES;
				CLANG_ANALYZER_NUMBER_OBJECT_CONVERSION = YES_AGGRESSIVE;
				CLANG_CXX_LANGUAGE_STANDARD = "gnu++20";
				CLANG_ENABLE_MODULES = YES;
				CLANG_ENABLE_OBJC_ARC = YES;
				CLANG_ENABLE_OBJC_WEAK = YES;
				CLANG_WARN_BLOCK_CAPTURE_AUTORELEASING = YES;
				CLANG_WARN_BOOL_CONVERSION = YES;
				CLANG_WARN_COMMA = YES;
				CLANG_WARN_CONSTANT_CONVERSION = YES;
				CLANG_WARN_DEPRECATED_OBJC_IMPLEMENTATIONS = YES;
				CLANG_WARN_DIRECT_OBJC_ISA_USAGE = YES_ERROR;
				CLANG_WARN_DOCUMENTATION_COMMENTS = YES;
				CLANG_WARN_EMPTY_BODY = YES;
				CLANG_WARN_ENUM_CONVERSION = YES;
				CLANG_WARN_INFINITE_RECURSION = YES;
				CLANG_WARN_INT_CONVERSION = YES;
				CLANG_WARN_NON_LITERAL_NULL_CONVERSION = YES;
				CLANG_WARN_OBJC_IMPLICIT_RETAIN_SELF = YES;
				CLANG_WARN_OBJC_LITERAL_CONVERSION = YES;
				CLANG_WARN_OBJC_ROOT_CLASS = YES_ERROR;
				CLANG_WARN_QUOTED_INCLUDE_IN_FRAMEWORK_HEADER = YES;
				CLANG_WARN_RANGE_LOOP_ANALYSIS = YES;
				CLANG_WARN_STRICT_PROTOTYPES = YES;
				CLANG_WARN_SUSPICIOUS_MOVE = YES;
				CLANG_WARN_UNGUARDED_AVAILABILITY = YES_AGGRESSIVE;
				CLANG_WARN_UNREACHABLE_CODE = YES;
				CLANG_WARN__DUPLICATE_METHOD_MATCH = YES;
				COPY_PHASE_STRIP = NO;
				DEBUG_INFORMATION_FORMAT = "dwarf-with-dsym";
				ENABLE_NS_ASSERTIONS = NO;
				ENABLE_STRICT_OBJC_MSGSEND = YES;
				ENABLE_USER_SCRIPT_SANDBOXING = YES;
				GCC_C_LANGUAGE_STANDARD = gnu17;
				GCC_NO_COMMON_BLOCKS = YES;
				GCC_WARN_64_TO_32_BIT_CONVERSION = YES;
				GCC_WARN_ABOUT_RETURN_TYPE = YES_ERROR;
				GCC_WARN_UNDECLARED_SELECTOR = YES;
				GCC_WARN_UNINITIALIZED_AUTOS = YES_AGGRESSIVE;
				GCC_WARN_UNUSED_FUNCTION = YES;
				GCC_WARN_UNUSED_VARIABLE = YES;
				IPHONEOS_DEPLOYMENT_TARGET = 17.5;
				LOCALIZATION_PREFERS_STRING_CATALOGS = YES;
				MTL_ENABLE_DEBUG_INFO = NO;
				MTL_FAST_MATH = YES;
				SDKROOT = iphoneos;
				SWIFT_COMPILATION_MODE = wholemodule;
				VALIDATE_PRODUCT = YES;
			};
			name = Release;
		};
		AD456B7C2C85C59500029DD5 /* Debug */ = {
			isa = XCBuildConfiguration;
			buildSettings = {
				ASSETCATALOG_COMPILER_APPICON_NAME = AppIcon;
				ASSETCATALOG_COMPILER_GLOBAL_ACCENT_COLOR_NAME = AccentColor;
				CODE_SIGN_STYLE = Automatic;
				CURRENT_PROJECT_VERSION = 1;
				DEVELOPMENT_TEAM = UER9S2EB72;
				GENERATE_INFOPLIST_FILE = YES;
				INFOPLIST_FILE = "recipes-uikit/Info.plist";
				INFOPLIST_KEY_UIApplicationSupportsIndirectInputEvents = YES;
				INFOPLIST_KEY_UILaunchStoryboardName = LaunchScreen;
				INFOPLIST_KEY_UIMainStoryboardFile = Main;
				INFOPLIST_KEY_UISupportedInterfaceOrientations = UIInterfaceOrientationPortrait;
				INFOPLIST_KEY_UISupportedInterfaceOrientations_iPad = "UIInterfaceOrientationLandscapeLeft UIInterfaceOrientationLandscapeRight UIInterfaceOrientationPortrait UIInterfaceOrientationPortraitUpsideDown";
				LD_RUNPATH_SEARCH_PATHS = (
					"$(inherited)",
					"@executable_path/Frameworks",
				);
				MARKETING_VERSION = 1.0;
				PRODUCT_BUNDLE_IDENTIFIER = "com.home.recipes-uikit";
				PRODUCT_NAME = "$(TARGET_NAME)";
				SWIFT_EMIT_LOC_STRINGS = YES;
				SWIFT_VERSION = 5.0;
				TARGETED_DEVICE_FAMILY = "1,2";
			};
			name = Debug;
		};
		AD456B7D2C85C59500029DD5 /* Release */ = {
			isa = XCBuildConfiguration;
			buildSettings = {
				ASSETCATALOG_COMPILER_APPICON_NAME = AppIcon;
				ASSETCATALOG_COMPILER_GLOBAL_ACCENT_COLOR_NAME = AccentColor;
				CODE_SIGN_STYLE = Automatic;
				CURRENT_PROJECT_VERSION = 1;
				DEVELOPMENT_TEAM = UER9S2EB72;
				GENERATE_INFOPLIST_FILE = YES;
				INFOPLIST_FILE = "recipes-uikit/Info.plist";
				INFOPLIST_KEY_UIApplicationSupportsIndirectInputEvents = YES;
				INFOPLIST_KEY_UILaunchStoryboardName = LaunchScreen;
				INFOPLIST_KEY_UIMainStoryboardFile = Main;
				INFOPLIST_KEY_UISupportedInterfaceOrientations = UIInterfaceOrientationPortrait;
				INFOPLIST_KEY_UISupportedInterfaceOrientations_iPad = "UIInterfaceOrientationLandscapeLeft UIInterfaceOrientationLandscapeRight UIInterfaceOrientationPortrait UIInterfaceOrientationPortraitUpsideDown";
				LD_RUNPATH_SEARCH_PATHS = (
					"$(inherited)",
					"@executable_path/Frameworks",
				);
				MARKETING_VERSION = 1.0;
				PRODUCT_BUNDLE_IDENTIFIER = "com.home.recipes-uikit";
				PRODUCT_NAME = "$(TARGET_NAME)";
				SWIFT_EMIT_LOC_STRINGS = YES;
				SWIFT_VERSION = 5.0;
				TARGETED_DEVICE_FAMILY = "1,2";
			};
			name = Release;
		};
/* End XCBuildConfiguration section */

/* Begin XCConfigurationList section */
		AD456B622C85C59300029DD5 /* Build configuration list for PBXProject "recipes-uikit" */ = {
			isa = XCConfigurationList;
			buildConfigurations = (
				AD456B792C85C59500029DD5 /* Debug */,
				AD456B7A2C85C59500029DD5 /* Release */,
			);
			defaultConfigurationIsVisible = 0;
			defaultConfigurationName = Release;
		};
		AD456B7B2C85C59500029DD5 /* Build configuration list for PBXNativeTarget "recipes-uikit" */ = {
			isa = XCConfigurationList;
			buildConfigurations = (
				AD456B7C2C85C59500029DD5 /* Debug */,
				AD456B7D2C85C59500029DD5 /* Release */,
			);
			defaultConfigurationIsVisible = 0;
			defaultConfigurationName = Release;
		};
/* End XCConfigurationList section */

/* Begin XCRemoteSwiftPackageReference section */
		AD456B932C85E8B000029DD5 /* XCRemoteSwiftPackageReference "Kingfisher" */ = {
			isa = XCRemoteSwiftPackageReference;
			repositoryURL = "https://github.com/onevcat/Kingfisher.git";
			requirement = {
				kind = upToNextMajorVersion;
				minimumVersion = 7.12.0;
			};
		};
/* End XCRemoteSwiftPackageReference section */

/* Begin XCSwiftPackageProductDependency section */
		AD456B942C85E8B000029DD5 /* Kingfisher */ = {
			isa = XCSwiftPackageProductDependency;
			package = AD456B932C85E8B000029DD5 /* XCRemoteSwiftPackageReference "Kingfisher" */;
			productName = Kingfisher;
		};
/* End XCSwiftPackageProductDependency section */
	};
	rootObject = AD456B5F2C85C59300029DD5 /* Project object */;
}
