// !$*UTF8*$!
{
	archiveVersion = 1;
	classes = {
	};
	objectVersion = 56;
	objects = {

/* Begin PBXBuildFile section */
		AD2465102C90931100F6BF1E /* MockFavoritesPresenter.swift in Sources */ = {isa = PBXBuildFile; fileRef = AD24650F2C90931100F6BF1E /* MockFavoritesPresenter.swift */; };
		AD2465122C90936100F6BF1E /* MockFavoritesRouter.swift in Sources */ = {isa = PBXBuildFile; fileRef = AD2465112C90936100F6BF1E /* MockFavoritesRouter.swift */; };
		AD2465152C90939A00F6BF1E /* FavoritesInteractorTests.swift in Sources */ = {isa = PBXBuildFile; fileRef = AD2465142C90939A00F6BF1E /* FavoritesInteractorTests.swift */; };
		AD2465172C90956E00F6BF1E /* MockFavoritesView.swift in Sources */ = {isa = PBXBuildFile; fileRef = AD2465162C90956E00F6BF1E /* MockFavoritesView.swift */; };
		AD2465192C90959700F6BF1E /* FavoritesPresenterTests.swift in Sources */ = {isa = PBXBuildFile; fileRef = AD2465182C90959700F6BF1E /* FavoritesPresenterTests.swift */; };
		AD24651B2C90970B00F6BF1E /* MockFavoritesInteractor.swift in Sources */ = {isa = PBXBuildFile; fileRef = AD24651A2C90970B00F6BF1E /* MockFavoritesInteractor.swift */; };
		AD24651D2C90972800F6BF1E /* FavoritesViewControllerTests.swift in Sources */ = {isa = PBXBuildFile; fileRef = AD24651C2C90972800F6BF1E /* FavoritesViewControllerTests.swift */; };
		AD456B6B2C85C59300029DD5 /* AppDelegate.swift in Sources */ = {isa = PBXBuildFile; fileRef = AD456B6A2C85C59300029DD5 /* AppDelegate.swift */; };
		AD456B6D2C85C59300029DD5 /* SceneDelegate.swift in Sources */ = {isa = PBXBuildFile; fileRef = AD456B6C2C85C59300029DD5 /* SceneDelegate.swift */; };
		AD456B722C85C59300029DD5 /* Base in Resources */ = {isa = PBXBuildFile; fileRef = AD456B712C85C59300029DD5 /* Base */; };
		AD456B742C85C59500029DD5 /* Assets.xcassets in Resources */ = {isa = PBXBuildFile; fileRef = AD456B732C85C59500029DD5 /* Assets.xcassets */; };
		AD456B772C85C59500029DD5 /* Base in Resources */ = {isa = PBXBuildFile; fileRef = AD456B762C85C59500029DD5 /* Base */; };
		AD456B7F2C85C67D00029DD5 /* RecipeViewController.swift in Sources */ = {isa = PBXBuildFile; fileRef = AD456B7E2C85C67D00029DD5 /* RecipeViewController.swift */; };
		AD456B832C85C6D500029DD5 /* FavoritesViewController.swift in Sources */ = {isa = PBXBuildFile; fileRef = AD456B822C85C6D500029DD5 /* FavoritesViewController.swift */; };
		AD456B852C85CA1900029DD5 /* TabBarController.swift in Sources */ = {isa = PBXBuildFile; fileRef = AD456B842C85CA1900029DD5 /* TabBarController.swift */; };
		AD456B8B2C85D35C00029DD5 /* Ingredient.swift in Sources */ = {isa = PBXBuildFile; fileRef = AD456B8A2C85D35C00029DD5 /* Ingredient.swift */; };
		AD456B8D2C85D37A00029DD5 /* RecipeNetworkModel.swift in Sources */ = {isa = PBXBuildFile; fileRef = AD456B8C2C85D37A00029DD5 /* RecipeNetworkModel.swift */; };
		AD456B8F2C85D56D00029DD5 /* RecipesResponse.swift in Sources */ = {isa = PBXBuildFile; fileRef = AD456B8E2C85D56D00029DD5 /* RecipesResponse.swift */; };
		AD456B922C85D5B700029DD5 /* NetworkService.swift in Sources */ = {isa = PBXBuildFile; fileRef = AD456B912C85D5B700029DD5 /* NetworkService.swift */; };
		AD456B952C85E8B000029DD5 /* Kingfisher in Frameworks */ = {isa = PBXBuildFile; productRef = AD456B942C85E8B000029DD5 /* Kingfisher */; };
		AD456B982C85EA0400029DD5 /* RecipeView.swift in Sources */ = {isa = PBXBuildFile; fileRef = AD456B972C85EA0400029DD5 /* RecipeView.swift */; };
		AD456B9B2C871B7600029DD5 /* PaddedLabel.swift in Sources */ = {isa = PBXBuildFile; fileRef = AD456B9A2C871B7600029DD5 /* PaddedLabel.swift */; };
		AD456B9D2C8730C600029DD5 /* StorageService.swift in Sources */ = {isa = PBXBuildFile; fileRef = AD456B9C2C8730C600029DD5 /* StorageService.swift */; };
		AD456B9F2C87343600029DD5 /* APIConfiguration.swift in Sources */ = {isa = PBXBuildFile; fileRef = AD456B9E2C87343600029DD5 /* APIConfiguration.swift */; };
		AD456BA32C87443700029DD5 /* RecipeRandomInteractor.swift in Sources */ = {isa = PBXBuildFile; fileRef = AD456BA22C87443700029DD5 /* RecipeRandomInteractor.swift */; };
		AD456BA52C87447900029DD5 /* RecipePresenter.swift in Sources */ = {isa = PBXBuildFile; fileRef = AD456BA42C87447900029DD5 /* RecipePresenter.swift */; };
		AD456BA72C8744D300029DD5 /* RecipeViewModel.swift in Sources */ = {isa = PBXBuildFile; fileRef = AD456BA62C8744D300029DD5 /* RecipeViewModel.swift */; };
		AD456BA92C87466A00029DD5 /* RecipeModuleBuilder.swift in Sources */ = {isa = PBXBuildFile; fileRef = AD456BA82C87466A00029DD5 /* RecipeModuleBuilder.swift */; };
		AD456BAC2C8759E000029DD5 /* HistoryViewController.swift in Sources */ = {isa = PBXBuildFile; fileRef = AD456BAB2C8759E000029DD5 /* HistoryViewController.swift */; };
		AD456BAE2C875A0E00029DD5 /* HistoryInteractor.swift in Sources */ = {isa = PBXBuildFile; fileRef = AD456BAD2C875A0E00029DD5 /* HistoryInteractor.swift */; };
		AD456BB02C875A2900029DD5 /* HistoryPresenter.swift in Sources */ = {isa = PBXBuildFile; fileRef = AD456BAF2C875A2900029DD5 /* HistoryPresenter.swift */; };
		AD456BB22C875A4600029DD5 /* HistoryModuleBuilder.swift in Sources */ = {isa = PBXBuildFile; fileRef = AD456BB12C875A4600029DD5 /* HistoryModuleBuilder.swift */; };
		AD456BB42C875B5200029DD5 /* HistoryViewModel.swift in Sources */ = {isa = PBXBuildFile; fileRef = AD456BB32C875B5200029DD5 /* HistoryViewModel.swift */; };
		AD456BB62C875FB500029DD5 /* HistoryTableViewCell.swift in Sources */ = {isa = PBXBuildFile; fileRef = AD456BB52C875FB500029DD5 /* HistoryTableViewCell.swift */; };
		AD456BB92C884D1900029DD5 /* FavoritesInteractor.swift in Sources */ = {isa = PBXBuildFile; fileRef = AD456BB82C884D1900029DD5 /* FavoritesInteractor.swift */; };
		AD456BBB2C884D3900029DD5 /* FavoritesPresenter.swift in Sources */ = {isa = PBXBuildFile; fileRef = AD456BBA2C884D3900029DD5 /* FavoritesPresenter.swift */; };
		AD456BBD2C884D4F00029DD5 /* FavoritesModuleBuilder.swift in Sources */ = {isa = PBXBuildFile; fileRef = AD456BBC2C884D4F00029DD5 /* FavoritesModuleBuilder.swift */; };
		AD456BBF2C884D6A00029DD5 /* FavoriteRecipeViewModel.swift in Sources */ = {isa = PBXBuildFile; fileRef = AD456BBE2C884D6A00029DD5 /* FavoriteRecipeViewModel.swift */; };
		AD456BC32C88651500029DD5 /* FavoriteRecipeCollectionViewCell.swift in Sources */ = {isa = PBXBuildFile; fileRef = AD456BC22C88651500029DD5 /* FavoriteRecipeCollectionViewCell.swift */; };
		AD456BC52C88718A00029DD5 /* RecipeDataModel.swift in Sources */ = {isa = PBXBuildFile; fileRef = AD456BC42C88718A00029DD5 /* RecipeDataModel.swift */; };
		AD456BC72C8887F600029DD5 /* FavoritesRouter.swift in Sources */ = {isa = PBXBuildFile; fileRef = AD456BC62C8887F600029DD5 /* FavoritesRouter.swift */; };
		AD456BC92C888F4F00029DD5 /* RecipeDetailInteractor.swift in Sources */ = {isa = PBXBuildFile; fileRef = AD456BC82C888F4F00029DD5 /* RecipeDetailInteractor.swift */; };
		AD456BCB2C899EA900029DD5 /* AppLogger.swift in Sources */ = {isa = PBXBuildFile; fileRef = AD456BCA2C899EA900029DD5 /* AppLogger.swift */; };
		AD456BCE2C89BCDC00029DD5 /* Recipes.xcdatamodeld in Sources */ = {isa = PBXBuildFile; fileRef = AD456BCC2C89BCDC00029DD5 /* Recipes.xcdatamodeld */; };
		AD456BD42C89C09700029DD5 /* CoreDataStack.swift in Sources */ = {isa = PBXBuildFile; fileRef = AD456BD32C89C09700029DD5 /* CoreDataStack.swift */; };
		AD456BDA2C89DA5400029DD5 /* IngredientArrayTransformer.swift in Sources */ = {isa = PBXBuildFile; fileRef = AD456BD92C89DA5400029DD5 /* IngredientArrayTransformer.swift */; };
		AD456BF52C89E88500029DD5 /* RecipeEntity+CoreDataClass.swift in Sources */ = {isa = PBXBuildFile; fileRef = AD456BF12C89E88500029DD5 /* RecipeEntity+CoreDataClass.swift */; };
		AD456BF62C89E88500029DD5 /* RecipeEntity+CoreDataProperties.swift in Sources */ = {isa = PBXBuildFile; fileRef = AD456BF22C89E88500029DD5 /* RecipeEntity+CoreDataProperties.swift */; };
		AD456BF72C89E88500029DD5 /* IngredientEntity+CoreDataClass.swift in Sources */ = {isa = PBXBuildFile; fileRef = AD456BF32C89E88500029DD5 /* IngredientEntity+CoreDataClass.swift */; };
		AD456BF82C89E88500029DD5 /* IngredientEntity+CoreDataProperties.swift in Sources */ = {isa = PBXBuildFile; fileRef = AD456BF42C89E88500029DD5 /* IngredientEntity+CoreDataProperties.swift */; };
		AD456C002C89ECDD00029DD5 /* HistoryItemDataModel.swift in Sources */ = {isa = PBXBuildFile; fileRef = AD456BFF2C89ECDD00029DD5 /* HistoryItemDataModel.swift */; };
		AD456C0B2C89EE0200029DD5 /* HistoryItemEntity+CoreDataClass.swift in Sources */ = {isa = PBXBuildFile; fileRef = AD456C092C89EE0200029DD5 /* HistoryItemEntity+CoreDataClass.swift */; };
		AD456C0C2C89EE0200029DD5 /* HistoryItemEntity+CoreDataProperties.swift in Sources */ = {isa = PBXBuildFile; fileRef = AD456C0A2C89EE0200029DD5 /* HistoryItemEntity+CoreDataProperties.swift */; };
		AD456C0E2C8B266300029DD5 /* AppDependencyConfigurator.swift in Sources */ = {isa = PBXBuildFile; fileRef = AD456C0D2C8B266300029DD5 /* AppDependencyConfigurator.swift */; };
		AD456C102C8B37B400029DD5 /* PlaceholderView.swift in Sources */ = {isa = PBXBuildFile; fileRef = AD456C0F2C8B37B400029DD5 /* PlaceholderView.swift */; };
		AD456C132C8B5DA900029DD5 /* Localizable.xcstrings in Resources */ = {isa = PBXBuildFile; fileRef = AD456C122C8B5DA900029DD5 /* Localizable.xcstrings */; };
		AD456C222C8EF8AA00029DD5 /* URLSession+URLSessionProtocol.swift in Sources */ = {isa = PBXBuildFile; fileRef = AD456C212C8EF8AA00029DD5 /* URLSession+URLSessionProtocol.swift */; };
		AD456C252C8EF92A00029DD5 /* URLSessionMock.swift in Sources */ = {isa = PBXBuildFile; fileRef = AD456C242C8EF92A00029DD5 /* URLSessionMock.swift */; };
		AD456C282C8EF98700029DD5 /* NetworkServiceTests.swift in Sources */ = {isa = PBXBuildFile; fileRef = AD456C272C8EF98700029DD5 /* NetworkServiceTests.swift */; };
		AD456C352C8F11B600029DD5 /* Recipes.xcdatamodeld in Sources */ = {isa = PBXBuildFile; fileRef = AD456BCC2C89BCDC00029DD5 /* Recipes.xcdatamodeld */; };
		AD456C362C8F147800029DD5 /* HistoryItemEntity+CoreDataClass.swift in Sources */ = {isa = PBXBuildFile; fileRef = AD456C092C89EE0200029DD5 /* HistoryItemEntity+CoreDataClass.swift */; };
		AD456C372C8F147B00029DD5 /* HistoryItemEntity+CoreDataProperties.swift in Sources */ = {isa = PBXBuildFile; fileRef = AD456C0A2C89EE0200029DD5 /* HistoryItemEntity+CoreDataProperties.swift */; };
		AD456C382C8F147E00029DD5 /* RecipeEntity+CoreDataClass.swift in Sources */ = {isa = PBXBuildFile; fileRef = AD456BF12C89E88500029DD5 /* RecipeEntity+CoreDataClass.swift */; };
		AD456C392C8F148100029DD5 /* RecipeEntity+CoreDataProperties.swift in Sources */ = {isa = PBXBuildFile; fileRef = AD456BF22C89E88500029DD5 /* RecipeEntity+CoreDataProperties.swift */; };
		AD456C3A2C8F148400029DD5 /* IngredientEntity+CoreDataClass.swift in Sources */ = {isa = PBXBuildFile; fileRef = AD456BF32C89E88500029DD5 /* IngredientEntity+CoreDataClass.swift */; };
		AD456C3B2C8F148600029DD5 /* IngredientEntity+CoreDataProperties.swift in Sources */ = {isa = PBXBuildFile; fileRef = AD456BF42C89E88500029DD5 /* IngredientEntity+CoreDataProperties.swift */; };
		AD456C3C2C8F151000029DD5 /* CoreDataStack.swift in Sources */ = {isa = PBXBuildFile; fileRef = AD456BD32C89C09700029DD5 /* CoreDataStack.swift */; };
		AD456C3D2C8F151300029DD5 /* IngredientArrayTransformer.swift in Sources */ = {isa = PBXBuildFile; fileRef = AD456BD92C89DA5400029DD5 /* IngredientArrayTransformer.swift */; };
		AD456C3E2C8F152300029DD5 /* AppLogger.swift in Sources */ = {isa = PBXBuildFile; fileRef = AD456BCA2C899EA900029DD5 /* AppLogger.swift */; };
		AD456C432C8F512900029DD5 /* MockRecipePresenter.swift in Sources */ = {isa = PBXBuildFile; fileRef = AD456C422C8F512900029DD5 /* MockRecipePresenter.swift */; };
		AD456C452C8F515F00029DD5 /* MockStorageService.swift in Sources */ = {isa = PBXBuildFile; fileRef = AD456C442C8F515F00029DD5 /* MockStorageService.swift */; };
		AD456C4A2C8F51C800029DD5 /* RecipeDetailInteractorTests.swift in Sources */ = {isa = PBXBuildFile; fileRef = AD456C492C8F51C800029DD5 /* RecipeDetailInteractorTests.swift */; };
		AD456C4C2C9049F200029DD5 /* BaseRecipeInteractor.swift in Sources */ = {isa = PBXBuildFile; fileRef = AD456C4B2C9049F200029DD5 /* BaseRecipeInteractor.swift */; };
		AD456C4E2C904B7F00029DD5 /* BaseRecipeInteractorTests.swift in Sources */ = {isa = PBXBuildFile; fileRef = AD456C4D2C904B7F00029DD5 /* BaseRecipeInteractorTests.swift */; };
		AD456C512C904BD800029DD5 /* RecipeDataModel+Tests.swift in Sources */ = {isa = PBXBuildFile; fileRef = AD456C502C904BD800029DD5 /* RecipeDataModel+Tests.swift */; };
		AD456C532C904DB900029DD5 /* MockNetworkService.swift in Sources */ = {isa = PBXBuildFile; fileRef = AD456C522C904DB900029DD5 /* MockNetworkService.swift */; };
		AD456C552C904EAF00029DD5 /* RecipeRandomInteractorTests.swift in Sources */ = {isa = PBXBuildFile; fileRef = AD456C542C904EAF00029DD5 /* RecipeRandomInteractorTests.swift */; };
		AD456C572C90560F00029DD5 /* MockRecipeView.swift in Sources */ = {isa = PBXBuildFile; fileRef = AD456C562C90560F00029DD5 /* MockRecipeView.swift */; };
		AD456C592C90566100029DD5 /* RecipePresenterTests.swift in Sources */ = {isa = PBXBuildFile; fileRef = AD456C582C90566100029DD5 /* RecipePresenterTests.swift */; };
		AD456C5B2C9058C300029DD5 /* MockReciMockRecipeRandomInteractorpeInteractor.swift in Sources */ = {isa = PBXBuildFile; fileRef = AD456C5A2C9058C300029DD5 /* MockReciMockRecipeRandomInteractorpeInteractor.swift */; };
		AD456C5D2C90594A00029DD5 /* RecipeViewControllerTests.swift in Sources */ = {isa = PBXBuildFile; fileRef = AD456C5C2C90594A00029DD5 /* RecipeViewControllerTests.swift */; };
		AD456C602C907A5B00029DD5 /* HistoryInteractorTests.swift in Sources */ = {isa = PBXBuildFile; fileRef = AD456C5F2C907A5B00029DD5 /* HistoryInteractorTests.swift */; };
		AD456C632C907A9F00029DD5 /* MockHistoryPresenter.swift in Sources */ = {isa = PBXBuildFile; fileRef = AD456C622C907A9F00029DD5 /* MockHistoryPresenter.swift */; };
		AD456C652C907D6400029DD5 /* MockHistoryView.swift in Sources */ = {isa = PBXBuildFile; fileRef = AD456C642C907D6400029DD5 /* MockHistoryView.swift */; };
		AD456C672C907D8A00029DD5 /* HistoryPresenterTests.swift in Sources */ = {isa = PBXBuildFile; fileRef = AD456C662C907D8A00029DD5 /* HistoryPresenterTests.swift */; };
		AD456C692C907F6B00029DD5 /* MockHistoryInteractor.swift in Sources */ = {isa = PBXBuildFile; fileRef = AD456C682C907F6B00029DD5 /* MockHistoryInteractor.swift */; };
		AD456C6B2C907FAF00029DD5 /* HistoryViewControllerTests.swift in Sources */ = {isa = PBXBuildFile; fileRef = AD456C6A2C907FAF00029DD5 /* HistoryViewControllerTests.swift */; };
/* End PBXBuildFile section */

/* Begin PBXContainerItemProxy section */
		AD456C1C2C8EF5AB00029DD5 /* PBXContainerItemProxy */ = {
			isa = PBXContainerItemProxy;
			containerPortal = AD456B5F2C85C59300029DD5 /* Project object */;
			proxyType = 1;
			remoteGlobalIDString = AD456B662C85C59300029DD5;
			remoteInfo = "recipes-uikit";
		};
/* End PBXContainerItemProxy section */

/* Begin PBXFileReference section */
		AD24650F2C90931100F6BF1E /* MockFavoritesPresenter.swift */ = {isa = PBXFileReference; lastKnownFileType = sourcecode.swift; path = MockFavoritesPresenter.swift; sourceTree = "<group>"; };
		AD2465112C90936100F6BF1E /* MockFavoritesRouter.swift */ = {isa = PBXFileReference; lastKnownFileType = sourcecode.swift; path = MockFavoritesRouter.swift; sourceTree = "<group>"; };
		AD2465142C90939A00F6BF1E /* FavoritesInteractorTests.swift */ = {isa = PBXFileReference; lastKnownFileType = sourcecode.swift; path = FavoritesInteractorTests.swift; sourceTree = "<group>"; };
		AD2465162C90956E00F6BF1E /* MockFavoritesView.swift */ = {isa = PBXFileReference; lastKnownFileType = sourcecode.swift; path = MockFavoritesView.swift; sourceTree = "<group>"; };
		AD2465182C90959700F6BF1E /* FavoritesPresenterTests.swift */ = {isa = PBXFileReference; lastKnownFileType = sourcecode.swift; path = FavoritesPresenterTests.swift; sourceTree = "<group>"; };
		AD24651A2C90970B00F6BF1E /* MockFavoritesInteractor.swift */ = {isa = PBXFileReference; lastKnownFileType = sourcecode.swift; path = MockFavoritesInteractor.swift; sourceTree = "<group>"; };
		AD24651C2C90972800F6BF1E /* FavoritesViewControllerTests.swift */ = {isa = PBXFileReference; lastKnownFileType = sourcecode.swift; path = FavoritesViewControllerTests.swift; sourceTree = "<group>"; };
		AD456B672C85C59300029DD5 /* recipes-uikit.app */ = {isa = PBXFileReference; explicitFileType = wrapper.application; includeInIndex = 0; path = "recipes-uikit.app"; sourceTree = BUILT_PRODUCTS_DIR; };
		AD456B6A2C85C59300029DD5 /* AppDelegate.swift */ = {isa = PBXFileReference; lastKnownFileType = sourcecode.swift; path = AppDelegate.swift; sourceTree = "<group>"; };
		AD456B6C2C85C59300029DD5 /* SceneDelegate.swift */ = {isa = PBXFileReference; lastKnownFileType = sourcecode.swift; path = SceneDelegate.swift; sourceTree = "<group>"; };
		AD456B712C85C59300029DD5 /* Base */ = {isa = PBXFileReference; lastKnownFileType = file.storyboard; name = Base; path = Base.lproj/Main.storyboard; sourceTree = "<group>"; };
		AD456B732C85C59500029DD5 /* Assets.xcassets */ = {isa = PBXFileReference; lastKnownFileType = folder.assetcatalog; path = Assets.xcassets; sourceTree = "<group>"; };
		AD456B762C85C59500029DD5 /* Base */ = {isa = PBXFileReference; lastKnownFileType = file.storyboard; name = Base; path = Base.lproj/LaunchScreen.storyboard; sourceTree = "<group>"; };
		AD456B782C85C59500029DD5 /* Info.plist */ = {isa = PBXFileReference; lastKnownFileType = text.plist.xml; path = Info.plist; sourceTree = "<group>"; };
		AD456B7E2C85C67D00029DD5 /* RecipeViewController.swift */ = {isa = PBXFileReference; lastKnownFileType = sourcecode.swift; path = RecipeViewController.swift; sourceTree = "<group>"; };
		AD456B822C85C6D500029DD5 /* FavoritesViewController.swift */ = {isa = PBXFileReference; lastKnownFileType = sourcecode.swift; path = FavoritesViewController.swift; sourceTree = "<group>"; };
		AD456B842C85CA1900029DD5 /* TabBarController.swift */ = {isa = PBXFileReference; lastKnownFileType = sourcecode.swift; path = TabBarController.swift; sourceTree = "<group>"; };
		AD456B8A2C85D35C00029DD5 /* Ingredient.swift */ = {isa = PBXFileReference; lastKnownFileType = sourcecode.swift; path = Ingredient.swift; sourceTree = "<group>"; };
		AD456B8C2C85D37A00029DD5 /* RecipeNetworkModel.swift */ = {isa = PBXFileReference; lastKnownFileType = sourcecode.swift; path = RecipeNetworkModel.swift; sourceTree = "<group>"; };
		AD456B8E2C85D56D00029DD5 /* RecipesResponse.swift */ = {isa = PBXFileReference; lastKnownFileType = sourcecode.swift; path = RecipesResponse.swift; sourceTree = "<group>"; };
		AD456B912C85D5B700029DD5 /* NetworkService.swift */ = {isa = PBXFileReference; lastKnownFileType = sourcecode.swift; path = NetworkService.swift; sourceTree = "<group>"; };
		AD456B972C85EA0400029DD5 /* RecipeView.swift */ = {isa = PBXFileReference; lastKnownFileType = sourcecode.swift; path = RecipeView.swift; sourceTree = "<group>"; };
		AD456B9A2C871B7600029DD5 /* PaddedLabel.swift */ = {isa = PBXFileReference; lastKnownFileType = sourcecode.swift; path = PaddedLabel.swift; sourceTree = "<group>"; };
		AD456B9C2C8730C600029DD5 /* StorageService.swift */ = {isa = PBXFileReference; lastKnownFileType = sourcecode.swift; path = StorageService.swift; sourceTree = "<group>"; };
		AD456B9E2C87343600029DD5 /* APIConfiguration.swift */ = {isa = PBXFileReference; lastKnownFileType = sourcecode.swift; path = APIConfiguration.swift; sourceTree = "<group>"; };
		AD456BA22C87443700029DD5 /* RecipeRandomInteractor.swift */ = {isa = PBXFileReference; lastKnownFileType = sourcecode.swift; path = RecipeRandomInteractor.swift; sourceTree = "<group>"; };
		AD456BA42C87447900029DD5 /* RecipePresenter.swift */ = {isa = PBXFileReference; lastKnownFileType = sourcecode.swift; path = RecipePresenter.swift; sourceTree = "<group>"; };
		AD456BA62C8744D300029DD5 /* RecipeViewModel.swift */ = {isa = PBXFileReference; lastKnownFileType = sourcecode.swift; path = RecipeViewModel.swift; sourceTree = "<group>"; };
		AD456BA82C87466A00029DD5 /* RecipeModuleBuilder.swift */ = {isa = PBXFileReference; lastKnownFileType = sourcecode.swift; path = RecipeModuleBuilder.swift; sourceTree = "<group>"; };
		AD456BAB2C8759E000029DD5 /* HistoryViewController.swift */ = {isa = PBXFileReference; lastKnownFileType = sourcecode.swift; path = HistoryViewController.swift; sourceTree = "<group>"; };
		AD456BAD2C875A0E00029DD5 /* HistoryInteractor.swift */ = {isa = PBXFileReference; lastKnownFileType = sourcecode.swift; path = HistoryInteractor.swift; sourceTree = "<group>"; };
		AD456BAF2C875A2900029DD5 /* HistoryPresenter.swift */ = {isa = PBXFileReference; lastKnownFileType = sourcecode.swift; path = HistoryPresenter.swift; sourceTree = "<group>"; };
		AD456BB12C875A4600029DD5 /* HistoryModuleBuilder.swift */ = {isa = PBXFileReference; lastKnownFileType = sourcecode.swift; path = HistoryModuleBuilder.swift; sourceTree = "<group>"; };
		AD456BB32C875B5200029DD5 /* HistoryViewModel.swift */ = {isa = PBXFileReference; lastKnownFileType = sourcecode.swift; path = HistoryViewModel.swift; sourceTree = "<group>"; };
		AD456BB52C875FB500029DD5 /* HistoryTableViewCell.swift */ = {isa = PBXFileReference; lastKnownFileType = sourcecode.swift; path = HistoryTableViewCell.swift; sourceTree = "<group>"; };
		AD456BB82C884D1900029DD5 /* FavoritesInteractor.swift */ = {isa = PBXFileReference; lastKnownFileType = sourcecode.swift; path = FavoritesInteractor.swift; sourceTree = "<group>"; };
		AD456BBA2C884D3900029DD5 /* FavoritesPresenter.swift */ = {isa = PBXFileReference; lastKnownFileType = sourcecode.swift; path = FavoritesPresenter.swift; sourceTree = "<group>"; };
		AD456BBC2C884D4F00029DD5 /* FavoritesModuleBuilder.swift */ = {isa = PBXFileReference; lastKnownFileType = sourcecode.swift; path = FavoritesModuleBuilder.swift; sourceTree = "<group>"; };
		AD456BBE2C884D6A00029DD5 /* FavoriteRecipeViewModel.swift */ = {isa = PBXFileReference; lastKnownFileType = sourcecode.swift; path = FavoriteRecipeViewModel.swift; sourceTree = "<group>"; };
		AD456BC22C88651500029DD5 /* FavoriteRecipeCollectionViewCell.swift */ = {isa = PBXFileReference; lastKnownFileType = sourcecode.swift; path = FavoriteRecipeCollectionViewCell.swift; sourceTree = "<group>"; };
		AD456BC42C88718A00029DD5 /* RecipeDataModel.swift */ = {isa = PBXFileReference; lastKnownFileType = sourcecode.swift; path = RecipeDataModel.swift; sourceTree = "<group>"; };
		AD456BC62C8887F600029DD5 /* FavoritesRouter.swift */ = {isa = PBXFileReference; lastKnownFileType = sourcecode.swift; path = FavoritesRouter.swift; sourceTree = "<group>"; };
		AD456BC82C888F4F00029DD5 /* RecipeDetailInteractor.swift */ = {isa = PBXFileReference; lastKnownFileType = sourcecode.swift; path = RecipeDetailInteractor.swift; sourceTree = "<group>"; };
		AD456BCA2C899EA900029DD5 /* AppLogger.swift */ = {isa = PBXFileReference; lastKnownFileType = sourcecode.swift; path = AppLogger.swift; sourceTree = "<group>"; };
		AD456BCD2C89BCDC00029DD5 /* Recipes.xcdatamodel */ = {isa = PBXFileReference; lastKnownFileType = wrapper.xcdatamodel; path = Recipes.xcdatamodel; sourceTree = "<group>"; };
		AD456BD32C89C09700029DD5 /* CoreDataStack.swift */ = {isa = PBXFileReference; lastKnownFileType = sourcecode.swift; path = CoreDataStack.swift; sourceTree = "<group>"; };
		AD456BD92C89DA5400029DD5 /* IngredientArrayTransformer.swift */ = {isa = PBXFileReference; lastKnownFileType = sourcecode.swift; path = IngredientArrayTransformer.swift; sourceTree = "<group>"; };
		AD456BF12C89E88500029DD5 /* RecipeEntity+CoreDataClass.swift */ = {isa = PBXFileReference; lastKnownFileType = sourcecode.swift; path = "RecipeEntity+CoreDataClass.swift"; sourceTree = "<group>"; };
		AD456BF22C89E88500029DD5 /* RecipeEntity+CoreDataProperties.swift */ = {isa = PBXFileReference; lastKnownFileType = sourcecode.swift; path = "RecipeEntity+CoreDataProperties.swift"; sourceTree = "<group>"; };
		AD456BF32C89E88500029DD5 /* IngredientEntity+CoreDataClass.swift */ = {isa = PBXFileReference; lastKnownFileType = sourcecode.swift; path = "IngredientEntity+CoreDataClass.swift"; sourceTree = "<group>"; };
		AD456BF42C89E88500029DD5 /* IngredientEntity+CoreDataProperties.swift */ = {isa = PBXFileReference; lastKnownFileType = sourcecode.swift; path = "IngredientEntity+CoreDataProperties.swift"; sourceTree = "<group>"; };
		AD456BFF2C89ECDD00029DD5 /* HistoryItemDataModel.swift */ = {isa = PBXFileReference; lastKnownFileType = sourcecode.swift; path = HistoryItemDataModel.swift; sourceTree = "<group>"; };
		AD456C092C89EE0200029DD5 /* HistoryItemEntity+CoreDataClass.swift */ = {isa = PBXFileReference; lastKnownFileType = sourcecode.swift; path = "HistoryItemEntity+CoreDataClass.swift"; sourceTree = "<group>"; };
		AD456C0A2C89EE0200029DD5 /* HistoryItemEntity+CoreDataProperties.swift */ = {isa = PBXFileReference; lastKnownFileType = sourcecode.swift; path = "HistoryItemEntity+CoreDataProperties.swift"; sourceTree = "<group>"; };
		AD456C0D2C8B266300029DD5 /* AppDependencyConfigurator.swift */ = {isa = PBXFileReference; lastKnownFileType = sourcecode.swift; path = AppDependencyConfigurator.swift; sourceTree = "<group>"; };
		AD456C0F2C8B37B400029DD5 /* PlaceholderView.swift */ = {isa = PBXFileReference; lastKnownFileType = sourcecode.swift; path = PlaceholderView.swift; sourceTree = "<group>"; };
		AD456C122C8B5DA900029DD5 /* Localizable.xcstrings */ = {isa = PBXFileReference; lastKnownFileType = text.json.xcstrings; path = Localizable.xcstrings; sourceTree = "<group>"; };
		AD456C182C8EF5AB00029DD5 /* recipes-uikit-tests.xctest */ = {isa = PBXFileReference; explicitFileType = wrapper.cfbundle; includeInIndex = 0; path = "recipes-uikit-tests.xctest"; sourceTree = BUILT_PRODUCTS_DIR; };
		AD456C212C8EF8AA00029DD5 /* URLSession+URLSessionProtocol.swift */ = {isa = PBXFileReference; lastKnownFileType = sourcecode.swift; path = "URLSession+URLSessionProtocol.swift"; sourceTree = "<group>"; };
		AD456C242C8EF92A00029DD5 /* URLSessionMock.swift */ = {isa = PBXFileReference; lastKnownFileType = sourcecode.swift; path = URLSessionMock.swift; sourceTree = "<group>"; };
		AD456C272C8EF98700029DD5 /* NetworkServiceTests.swift */ = {isa = PBXFileReference; lastKnownFileType = sourcecode.swift; path = NetworkServiceTests.swift; sourceTree = "<group>"; };
		AD456C422C8F512900029DD5 /* MockRecipePresenter.swift */ = {isa = PBXFileReference; lastKnownFileType = sourcecode.swift; path = MockRecipePresenter.swift; sourceTree = "<group>"; };
		AD456C442C8F515F00029DD5 /* MockStorageService.swift */ = {isa = PBXFileReference; lastKnownFileType = sourcecode.swift; path = MockStorageService.swift; sourceTree = "<group>"; };
		AD456C492C8F51C800029DD5 /* RecipeDetailInteractorTests.swift */ = {isa = PBXFileReference; lastKnownFileType = sourcecode.swift; path = RecipeDetailInteractorTests.swift; sourceTree = "<group>"; };
		AD456C4B2C9049F200029DD5 /* BaseRecipeInteractor.swift */ = {isa = PBXFileReference; lastKnownFileType = sourcecode.swift; path = BaseRecipeInteractor.swift; sourceTree = "<group>"; };
		AD456C4D2C904B7F00029DD5 /* BaseRecipeInteractorTests.swift */ = {isa = PBXFileReference; lastKnownFileType = sourcecode.swift; path = BaseRecipeInteractorTests.swift; sourceTree = "<group>"; };
		AD456C502C904BD800029DD5 /* RecipeDataModel+Tests.swift */ = {isa = PBXFileReference; lastKnownFileType = sourcecode.swift; path = "RecipeDataModel+Tests.swift"; sourceTree = "<group>"; };
		AD456C522C904DB900029DD5 /* MockNetworkService.swift */ = {isa = PBXFileReference; lastKnownFileType = sourcecode.swift; path = MockNetworkService.swift; sourceTree = "<group>"; };
		AD456C542C904EAF00029DD5 /* RecipeRandomInteractorTests.swift */ = {isa = PBXFileReference; lastKnownFileType = sourcecode.swift; path = RecipeRandomInteractorTests.swift; sourceTree = "<group>"; };
		AD456C562C90560F00029DD5 /* MockRecipeView.swift */ = {isa = PBXFileReference; lastKnownFileType = sourcecode.swift; path = MockRecipeView.swift; sourceTree = "<group>"; };
		AD456C582C90566100029DD5 /* RecipePresenterTests.swift */ = {isa = PBXFileReference; lastKnownFileType = sourcecode.swift; path = RecipePresenterTests.swift; sourceTree = "<group>"; };
		AD456C5A2C9058C300029DD5 /* MockReciMockRecipeRandomInteractorpeInteractor.swift */ = {isa = PBXFileReference; lastKnownFileType = sourcecode.swift; path = MockReciMockRecipeRandomInteractorpeInteractor.swift; sourceTree = "<group>"; };
		AD456C5C2C90594A00029DD5 /* RecipeViewControllerTests.swift */ = {isa = PBXFileReference; lastKnownFileType = sourcecode.swift; path = RecipeViewControllerTests.swift; sourceTree = "<group>"; };
		AD456C5F2C907A5B00029DD5 /* HistoryInteractorTests.swift */ = {isa = PBXFileReference; lastKnownFileType = sourcecode.swift; path = HistoryInteractorTests.swift; sourceTree = "<group>"; };
		AD456C622C907A9F00029DD5 /* MockHistoryPresenter.swift */ = {isa = PBXFileReference; lastKnownFileType = sourcecode.swift; path = MockHistoryPresenter.swift; sourceTree = "<group>"; };
		AD456C642C907D6400029DD5 /* MockHistoryView.swift */ = {isa = PBXFileReference; lastKnownFileType = sourcecode.swift; path = MockHistoryView.swift; sourceTree = "<group>"; };
		AD456C662C907D8A00029DD5 /* HistoryPresenterTests.swift */ = {isa = PBXFileReference; lastKnownFileType = sourcecode.swift; path = HistoryPresenterTests.swift; sourceTree = "<group>"; };
		AD456C682C907F6B00029DD5 /* MockHistoryInteractor.swift */ = {isa = PBXFileReference; lastKnownFileType = sourcecode.swift; path = MockHistoryInteractor.swift; sourceTree = "<group>"; };
		AD456C6A2C907FAF00029DD5 /* HistoryViewControllerTests.swift */ = {isa = PBXFileReference; lastKnownFileType = sourcecode.swift; path = HistoryViewControllerTests.swift; sourceTree = "<group>"; };
/* End PBXFileReference section */

/* Begin PBXFrameworksBuildPhase section */
		AD456B642C85C59300029DD5 /* Frameworks */ = {
			isa = PBXFrameworksBuildPhase;
			buildActionMask = 2147483647;
			files = (
				AD456B952C85E8B000029DD5 /* Kingfisher in Frameworks */,
			);
			runOnlyForDeploymentPostprocessing = 0;
		};
		AD456C152C8EF5AB00029DD5 /* Frameworks */ = {
			isa = PBXFrameworksBuildPhase;
			buildActionMask = 2147483647;
			files = (
			);
			runOnlyForDeploymentPostprocessing = 0;
		};
/* End PBXFrameworksBuildPhase section */

/* Begin PBXGroup section */
		AD24650E2C90930000F6BF1E /* Favorites */ = {
			isa = PBXGroup;
			children = (
				AD24650F2C90931100F6BF1E /* MockFavoritesPresenter.swift */,
				AD2465112C90936100F6BF1E /* MockFavoritesRouter.swift */,
				AD2465162C90956E00F6BF1E /* MockFavoritesView.swift */,
				AD24651A2C90970B00F6BF1E /* MockFavoritesInteractor.swift */,
			);
			path = Favorites;
			sourceTree = "<group>";
		};
		AD2465132C90938C00F6BF1E /* Favorites */ = {
			isa = PBXGroup;
			children = (
				AD2465142C90939A00F6BF1E /* FavoritesInteractorTests.swift */,
				AD2465182C90959700F6BF1E /* FavoritesPresenterTests.swift */,
				AD24651C2C90972800F6BF1E /* FavoritesViewControllerTests.swift */,
			);
			path = Favorites;
			sourceTree = "<group>";
		};
		AD456B5E2C85C59300029DD5 = {
			isa = PBXGroup;
			children = (
				AD456B692C85C59300029DD5 /* recipes-uikit */,
				AD456C192C8EF5AB00029DD5 /* recipes-uikit-tests */,
				AD456B682C85C59300029DD5 /* Products */,
			);
			sourceTree = "<group>";
		};
		AD456B682C85C59300029DD5 /* Products */ = {
			isa = PBXGroup;
			children = (
				AD456B672C85C59300029DD5 /* recipes-uikit.app */,
				AD456C182C8EF5AB00029DD5 /* recipes-uikit-tests.xctest */,
			);
			name = Products;
			sourceTree = "<group>";
		};
		AD456B692C85C59300029DD5 /* recipes-uikit */ = {
			isa = PBXGroup;
			children = (
				AD456B862C85CDBB00029DD5 /* App */,
				AD456B992C871B5100029DD5 /* CommonViews */,
				AD456B892C85D34B00029DD5 /* Models */,
				AD456B882C85CDEB00029DD5 /* Screens */,
				AD456B902C85D57B00029DD5 /* Services */,
				AD456C112C8B5C8700029DD5 /* Resources */,
				AD456B702C85C59300029DD5 /* Main.storyboard */,
				AD456B782C85C59500029DD5 /* Info.plist */,
			);
			path = "recipes-uikit";
			sourceTree = "<group>";
		};
		AD456B862C85CDBB00029DD5 /* App */ = {
			isa = PBXGroup;
			children = (
				AD456B6A2C85C59300029DD5 /* AppDelegate.swift */,
				AD456B6C2C85C59300029DD5 /* SceneDelegate.swift */,
				AD456C0D2C8B266300029DD5 /* AppDependencyConfigurator.swift */,
			);
			path = App;
			sourceTree = "<group>";
		};
		AD456B872C85CDCC00029DD5 /* TabBar */ = {
			isa = PBXGroup;
			children = (
				AD456B842C85CA1900029DD5 /* TabBarController.swift */,
			);
			path = TabBar;
			sourceTree = "<group>";
		};
		AD456B882C85CDEB00029DD5 /* Screens */ = {
			isa = PBXGroup;
			children = (
				AD456B872C85CDCC00029DD5 /* TabBar */,
				AD456B962C85E9D400029DD5 /* Recipe */,
				AD456BAA2C87555F00029DD5 /* History */,
				AD456BB72C884CD200029DD5 /* Favorites */,
			);
			path = Screens;
			sourceTree = "<group>";
		};
		AD456B892C85D34B00029DD5 /* Models */ = {
			isa = PBXGroup;
			children = (
				AD456BF92C89EB0C00029DD5 /* CoreData */,
				AD456B8A2C85D35C00029DD5 /* Ingredient.swift */,
				AD456B8C2C85D37A00029DD5 /* RecipeNetworkModel.swift */,
				AD456B8E2C85D56D00029DD5 /* RecipesResponse.swift */,
				AD456BC42C88718A00029DD5 /* RecipeDataModel.swift */,
				AD456BFF2C89ECDD00029DD5 /* HistoryItemDataModel.swift */,
			);
			path = Models;
			sourceTree = "<group>";
		};
		AD456B902C85D57B00029DD5 /* Services */ = {
			isa = PBXGroup;
			children = (
				AD456BFA2C89EB2B00029DD5 /* CoreData */,
				AD456B9E2C87343600029DD5 /* APIConfiguration.swift */,
				AD456B912C85D5B700029DD5 /* NetworkService.swift */,
				AD456B9C2C8730C600029DD5 /* StorageService.swift */,
				AD456BCA2C899EA900029DD5 /* AppLogger.swift */,
				AD456C212C8EF8AA00029DD5 /* URLSession+URLSessionProtocol.swift */,
			);
			path = Services;
			sourceTree = "<group>";
		};
		AD456B962C85E9D400029DD5 /* Recipe */ = {
			isa = PBXGroup;
			children = (
				AD456BA82C87466A00029DD5 /* RecipeModuleBuilder.swift */,
				AD456C4B2C9049F200029DD5 /* BaseRecipeInteractor.swift */,
				AD456BA22C87443700029DD5 /* RecipeRandomInteractor.swift */,
				AD456BC82C888F4F00029DD5 /* RecipeDetailInteractor.swift */,
				AD456BA42C87447900029DD5 /* RecipePresenter.swift */,
				AD456B7E2C85C67D00029DD5 /* RecipeViewController.swift */,
				AD456B972C85EA0400029DD5 /* RecipeView.swift */,
				AD456BA62C8744D300029DD5 /* RecipeViewModel.swift */,
			);
			path = Recipe;
			sourceTree = "<group>";
		};
		AD456B992C871B5100029DD5 /* CommonViews */ = {
			isa = PBXGroup;
			children = (
				AD456B9A2C871B7600029DD5 /* PaddedLabel.swift */,
				AD456C0F2C8B37B400029DD5 /* PlaceholderView.swift */,
			);
			path = CommonViews;
			sourceTree = "<group>";
		};
		AD456BAA2C87555F00029DD5 /* History */ = {
			isa = PBXGroup;
			children = (
				AD456BB12C875A4600029DD5 /* HistoryModuleBuilder.swift */,
				AD456BAD2C875A0E00029DD5 /* HistoryInteractor.swift */,
				AD456BAF2C875A2900029DD5 /* HistoryPresenter.swift */,
				AD456BAB2C8759E000029DD5 /* HistoryViewController.swift */,
				AD456BB52C875FB500029DD5 /* HistoryTableViewCell.swift */,
				AD456BB32C875B5200029DD5 /* HistoryViewModel.swift */,
			);
			path = History;
			sourceTree = "<group>";
		};
		AD456BB72C884CD200029DD5 /* Favorites */ = {
			isa = PBXGroup;
			children = (
				AD456BBC2C884D4F00029DD5 /* FavoritesModuleBuilder.swift */,
				AD456BB82C884D1900029DD5 /* FavoritesInteractor.swift */,
				AD456BBA2C884D3900029DD5 /* FavoritesPresenter.swift */,
				AD456B822C85C6D500029DD5 /* FavoritesViewController.swift */,
				AD456BBE2C884D6A00029DD5 /* FavoriteRecipeViewModel.swift */,
				AD456BC22C88651500029DD5 /* FavoriteRecipeCollectionViewCell.swift */,
				AD456BC62C8887F600029DD5 /* FavoritesRouter.swift */,
			);
			path = Favorites;
			sourceTree = "<group>";
		};
		AD456BF92C89EB0C00029DD5 /* CoreData */ = {
			isa = PBXGroup;
			children = (
				AD456BCC2C89BCDC00029DD5 /* Recipes.xcdatamodeld */,
				AD456C092C89EE0200029DD5 /* HistoryItemEntity+CoreDataClass.swift */,
				AD456C0A2C89EE0200029DD5 /* HistoryItemEntity+CoreDataProperties.swift */,
				AD456BF12C89E88500029DD5 /* RecipeEntity+CoreDataClass.swift */,
				AD456BF22C89E88500029DD5 /* RecipeEntity+CoreDataProperties.swift */,
				AD456BF32C89E88500029DD5 /* IngredientEntity+CoreDataClass.swift */,
				AD456BF42C89E88500029DD5 /* IngredientEntity+CoreDataProperties.swift */,
			);
			path = CoreData;
			sourceTree = "<group>";
		};
		AD456BFA2C89EB2B00029DD5 /* CoreData */ = {
			isa = PBXGroup;
			children = (
				AD456BD92C89DA5400029DD5 /* IngredientArrayTransformer.swift */,
				AD456BD32C89C09700029DD5 /* CoreDataStack.swift */,
			);
			path = CoreData;
			sourceTree = "<group>";
		};
		AD456C112C8B5C8700029DD5 /* Resources */ = {
			isa = PBXGroup;
			children = (
				AD456B732C85C59500029DD5 /* Assets.xcassets */,
				AD456B752C85C59500029DD5 /* LaunchScreen.storyboard */,
				AD456C122C8B5DA900029DD5 /* Localizable.xcstrings */,
			);
			path = Resources;
			sourceTree = "<group>";
		};
		AD456C192C8EF5AB00029DD5 /* recipes-uikit-tests */ = {
			isa = PBXGroup;
			children = (
				AD456C232C8EF91C00029DD5 /* Mocks */,
				AD456C262C8EF95C00029DD5 /* Tests */,
			);
			path = "recipes-uikit-tests";
			sourceTree = "<group>";
		};
		AD456C232C8EF91C00029DD5 /* Mocks */ = {
			isa = PBXGroup;
			children = (
				AD456C4F2C904BC200029DD5 /* Models */,
				AD456C402C8F510700029DD5 /* Screens */,
				AD456C3F2C8F50EF00029DD5 /* Services */,
			);
			path = Mocks;
			sourceTree = "<group>";
		};
		AD456C262C8EF95C00029DD5 /* Tests */ = {
			isa = PBXGroup;
			children = (
				AD456C472C8F51A500029DD5 /* Screens */,
				AD456C462C8F519900029DD5 /* Services */,
			);
			path = Tests;
			sourceTree = "<group>";
		};
		AD456C3F2C8F50EF00029DD5 /* Services */ = {
			isa = PBXGroup;
			children = (
				AD456C442C8F515F00029DD5 /* MockStorageService.swift */,
				AD456C242C8EF92A00029DD5 /* URLSessionMock.swift */,
				AD456C522C904DB900029DD5 /* MockNetworkService.swift */,
			);
			path = Services;
			sourceTree = "<group>";
		};
		AD456C402C8F510700029DD5 /* Screens */ = {
			isa = PBXGroup;
			children = (
				AD456C412C8F511100029DD5 /* Recipe */,
				AD456C612C907A9200029DD5 /* History */,
				AD24650E2C90930000F6BF1E /* Favorites */,
			);
			path = Screens;
			sourceTree = "<group>";
		};
		AD456C412C8F511100029DD5 /* Recipe */ = {
			isa = PBXGroup;
			children = (
				AD456C422C8F512900029DD5 /* MockRecipePresenter.swift */,
				AD456C562C90560F00029DD5 /* MockRecipeView.swift */,
				AD456C5A2C9058C300029DD5 /* MockReciMockRecipeRandomInteractorpeInteractor.swift */,
			);
			path = Recipe;
			sourceTree = "<group>";
		};
		AD456C462C8F519900029DD5 /* Services */ = {
			isa = PBXGroup;
			children = (
				AD456C272C8EF98700029DD5 /* NetworkServiceTests.swift */,
			);
			path = Services;
			sourceTree = "<group>";
		};
		AD456C472C8F51A500029DD5 /* Screens */ = {
			isa = PBXGroup;
			children = (
				AD456C482C8F51B200029DD5 /* Recipe */,
				AD456C5E2C907A4700029DD5 /* History */,
				AD2465132C90938C00F6BF1E /* Favorites */,
			);
			path = Screens;
			sourceTree = "<group>";
		};
		AD456C482C8F51B200029DD5 /* Recipe */ = {
			isa = PBXGroup;
			children = (
				AD456C4D2C904B7F00029DD5 /* BaseRecipeInteractorTests.swift */,
				AD456C492C8F51C800029DD5 /* RecipeDetailInteractorTests.swift */,
				AD456C542C904EAF00029DD5 /* RecipeRandomInteractorTests.swift */,
				AD456C582C90566100029DD5 /* RecipePresenterTests.swift */,
				AD456C5C2C90594A00029DD5 /* RecipeViewControllerTests.swift */,
			);
			path = Recipe;
			sourceTree = "<group>";
		};
		AD456C4F2C904BC200029DD5 /* Models */ = {
			isa = PBXGroup;
			children = (
				AD456C502C904BD800029DD5 /* RecipeDataModel+Tests.swift */,
			);
			path = Models;
			sourceTree = "<group>";
		};
		AD456C5E2C907A4700029DD5 /* History */ = {
			isa = PBXGroup;
			children = (
				AD456C5F2C907A5B00029DD5 /* HistoryInteractorTests.swift */,
				AD456C662C907D8A00029DD5 /* HistoryPresenterTests.swift */,
				AD456C6A2C907FAF00029DD5 /* HistoryViewControllerTests.swift */,
			);
			path = History;
			sourceTree = "<group>";
		};
		AD456C612C907A9200029DD5 /* History */ = {
			isa = PBXGroup;
			children = (
				AD456C622C907A9F00029DD5 /* MockHistoryPresenter.swift */,
				AD456C642C907D6400029DD5 /* MockHistoryView.swift */,
				AD456C682C907F6B00029DD5 /* MockHistoryInteractor.swift */,
			);
			path = History;
			sourceTree = "<group>";
		};
/* End PBXGroup section */

/* Begin PBXNativeTarget section */
		AD456B662C85C59300029DD5 /* recipes-uikit */ = {
			isa = PBXNativeTarget;
			buildConfigurationList = AD456B7B2C85C59500029DD5 /* Build configuration list for PBXNativeTarget "recipes-uikit" */;
			buildPhases = (
				AD456B632C85C59300029DD5 /* Sources */,
				AD456B642C85C59300029DD5 /* Frameworks */,
				AD456B652C85C59300029DD5 /* Resources */,
			);
			buildRules = (
			);
			dependencies = (
			);
			name = "recipes-uikit";
			packageProductDependencies = (
				AD456B942C85E8B000029DD5 /* Kingfisher */,
			);
			productName = "recipes-uikit";
			productReference = AD456B672C85C59300029DD5 /* recipes-uikit.app */;
			productType = "com.apple.product-type.application";
		};
		AD456C172C8EF5AB00029DD5 /* recipes-uikit-tests */ = {
			isa = PBXNativeTarget;
			buildConfigurationList = AD456C1E2C8EF5AB00029DD5 /* Build configuration list for PBXNativeTarget "recipes-uikit-tests" */;
			buildPhases = (
				AD456C142C8EF5AB00029DD5 /* Sources */,
				AD456C152C8EF5AB00029DD5 /* Frameworks */,
				AD456C162C8EF5AB00029DD5 /* Resources */,
			);
			buildRules = (
			);
			dependencies = (
				AD456C1D2C8EF5AB00029DD5 /* PBXTargetDependency */,
			);
			name = "recipes-uikit-tests";
			productName = "recipes-uikit-tests";
			productReference = AD456C182C8EF5AB00029DD5 /* recipes-uikit-tests.xctest */;
			productType = "com.apple.product-type.bundle.unit-test";
		};
/* End PBXNativeTarget section */

/* Begin PBXProject section */
		AD456B5F2C85C59300029DD5 /* Project object */ = {
			isa = PBXProject;
			attributes = {
				BuildIndependentTargetsInParallel = 1;
				LastSwiftUpdateCheck = 1540;
				LastUpgradeCheck = 1540;
				TargetAttributes = {
					AD456B662C85C59300029DD5 = {
						CreatedOnToolsVersion = 15.4;
					};
					AD456C172C8EF5AB00029DD5 = {
						CreatedOnToolsVersion = 15.4;
						TestTargetID = AD456B662C85C59300029DD5;
					};
				};
			};
			buildConfigurationList = AD456B622C85C59300029DD5 /* Build configuration list for PBXProject "recipes-uikit" */;
			compatibilityVersion = "Xcode 14.0";
			developmentRegion = en;
			hasScannedForEncodings = 0;
			knownRegions = (
				en,
				Base,
			);
			mainGroup = AD456B5E2C85C59300029DD5;
			packageReferences = (
				AD456B932C85E8B000029DD5 /* XCRemoteSwiftPackageReference "Kingfisher" */,
			);
			productRefGroup = AD456B682C85C59300029DD5 /* Products */;
			projectDirPath = "";
			projectRoot = "";
			targets = (
				AD456B662C85C59300029DD5 /* recipes-uikit */,
				AD456C172C8EF5AB00029DD5 /* recipes-uikit-tests */,
			);
		};
/* End PBXProject section */

/* Begin PBXResourcesBuildPhase section */
		AD456B652C85C59300029DD5 /* Resources */ = {
			isa = PBXResourcesBuildPhase;
			buildActionMask = 2147483647;
			files = (
				AD456B742C85C59500029DD5 /* Assets.xcassets in Resources */,
				AD456B772C85C59500029DD5 /* Base in Resources */,
				AD456C132C8B5DA900029DD5 /* Localizable.xcstrings in Resources */,
				AD456B722C85C59300029DD5 /* Base in Resources */,
			);
			runOnlyForDeploymentPostprocessing = 0;
		};
		AD456C162C8EF5AB00029DD5 /* Resources */ = {
			isa = PBXResourcesBuildPhase;
			buildActionMask = 2147483647;
			files = (
			);
			runOnlyForDeploymentPostprocessing = 0;
		};
/* End PBXResourcesBuildPhase section */

/* Begin PBXSourcesBuildPhase section */
		AD456B632C85C59300029DD5 /* Sources */ = {
			isa = PBXSourcesBuildPhase;
			buildActionMask = 2147483647;
			files = (
				AD456BC72C8887F600029DD5 /* FavoritesRouter.swift in Sources */,
				AD456C002C89ECDD00029DD5 /* HistoryItemDataModel.swift in Sources */,
				AD456B6B2C85C59300029DD5 /* AppDelegate.swift in Sources */,
				AD456B9B2C871B7600029DD5 /* PaddedLabel.swift in Sources */,
				AD456BD42C89C09700029DD5 /* CoreDataStack.swift in Sources */,
				AD456B7F2C85C67D00029DD5 /* RecipeViewController.swift in Sources */,
				AD456BBD2C884D4F00029DD5 /* FavoritesModuleBuilder.swift in Sources */,
				AD456BA72C8744D300029DD5 /* RecipeViewModel.swift in Sources */,
				AD456BB42C875B5200029DD5 /* HistoryViewModel.swift in Sources */,
				AD456BC52C88718A00029DD5 /* RecipeDataModel.swift in Sources */,
				AD456BA92C87466A00029DD5 /* RecipeModuleBuilder.swift in Sources */,
				AD456C4C2C9049F200029DD5 /* BaseRecipeInteractor.swift in Sources */,
				AD456B8B2C85D35C00029DD5 /* Ingredient.swift in Sources */,
				AD456BB22C875A4600029DD5 /* HistoryModuleBuilder.swift in Sources */,
				AD456BCB2C899EA900029DD5 /* AppLogger.swift in Sources */,
				AD456BB62C875FB500029DD5 /* HistoryTableViewCell.swift in Sources */,
				AD456BF52C89E88500029DD5 /* RecipeEntity+CoreDataClass.swift in Sources */,
				AD456C222C8EF8AA00029DD5 /* URLSession+URLSessionProtocol.swift in Sources */,
				AD456BF62C89E88500029DD5 /* RecipeEntity+CoreDataProperties.swift in Sources */,
				AD456BF72C89E88500029DD5 /* IngredientEntity+CoreDataClass.swift in Sources */,
				AD456BF82C89E88500029DD5 /* IngredientEntity+CoreDataProperties.swift in Sources */,
				AD456BAE2C875A0E00029DD5 /* HistoryInteractor.swift in Sources */,
				AD456B9F2C87343600029DD5 /* APIConfiguration.swift in Sources */,
				AD456B982C85EA0400029DD5 /* RecipeView.swift in Sources */,
				AD456BA52C87447900029DD5 /* RecipePresenter.swift in Sources */,
				AD456BCE2C89BCDC00029DD5 /* Recipes.xcdatamodeld in Sources */,
				AD456B852C85CA1900029DD5 /* TabBarController.swift in Sources */,
				AD456C0B2C89EE0200029DD5 /* HistoryItemEntity+CoreDataClass.swift in Sources */,
				AD456C0C2C89EE0200029DD5 /* HistoryItemEntity+CoreDataProperties.swift in Sources */,
				AD456BA32C87443700029DD5 /* RecipeRandomInteractor.swift in Sources */,
				AD456BDA2C89DA5400029DD5 /* IngredientArrayTransformer.swift in Sources */,
				AD456C0E2C8B266300029DD5 /* AppDependencyConfigurator.swift in Sources */,
				AD456BBB2C884D3900029DD5 /* FavoritesPresenter.swift in Sources */,
				AD456B9D2C8730C600029DD5 /* StorageService.swift in Sources */,
				AD456BC32C88651500029DD5 /* FavoriteRecipeCollectionViewCell.swift in Sources */,
				AD456B832C85C6D500029DD5 /* FavoritesViewController.swift in Sources */,
				AD456B6D2C85C59300029DD5 /* SceneDelegate.swift in Sources */,
				AD456BBF2C884D6A00029DD5 /* FavoriteRecipeViewModel.swift in Sources */,
				AD456BB92C884D1900029DD5 /* FavoritesInteractor.swift in Sources */,
				AD456B922C85D5B700029DD5 /* NetworkService.swift in Sources */,
				AD456BAC2C8759E000029DD5 /* HistoryViewController.swift in Sources */,
				AD456B8D2C85D37A00029DD5 /* RecipeNetworkModel.swift in Sources */,
				AD456BB02C875A2900029DD5 /* HistoryPresenter.swift in Sources */,
				AD456BC92C888F4F00029DD5 /* RecipeDetailInteractor.swift in Sources */,
				AD456C102C8B37B400029DD5 /* PlaceholderView.swift in Sources */,
				AD456B8F2C85D56D00029DD5 /* RecipesResponse.swift in Sources */,
			);
			runOnlyForDeploymentPostprocessing = 0;
		};
		AD456C142C8EF5AB00029DD5 /* Sources */ = {
			isa = PBXSourcesBuildPhase;
			buildActionMask = 2147483647;
			files = (
				AD2465172C90956E00F6BF1E /* MockFavoritesView.swift in Sources */,
				AD456C512C904BD800029DD5 /* RecipeDataModel+Tests.swift in Sources */,
				AD456C692C907F6B00029DD5 /* MockHistoryInteractor.swift in Sources */,
				AD456C5D2C90594A00029DD5 /* RecipeViewControllerTests.swift in Sources */,
				AD456C3D2C8F151300029DD5 /* IngredientArrayTransformer.swift in Sources */,
				AD456C652C907D6400029DD5 /* MockHistoryView.swift in Sources */,
				AD456C382C8F147E00029DD5 /* RecipeEntity+CoreDataClass.swift in Sources */,
				AD456C3A2C8F148400029DD5 /* IngredientEntity+CoreDataClass.swift in Sources */,
				AD2465192C90959700F6BF1E /* FavoritesPresenterTests.swift in Sources */,
				AD2465122C90936100F6BF1E /* MockFavoritesRouter.swift in Sources */,
				AD456C632C907A9F00029DD5 /* MockHistoryPresenter.swift in Sources */,
				AD456C452C8F515F00029DD5 /* MockStorageService.swift in Sources */,
				AD456C592C90566100029DD5 /* RecipePresenterTests.swift in Sources */,
				AD456C6B2C907FAF00029DD5 /* HistoryViewControllerTests.swift in Sources */,
				AD456C672C907D8A00029DD5 /* HistoryPresenterTests.swift in Sources */,
				AD456C602C907A5B00029DD5 /* HistoryInteractorTests.swift in Sources */,
				AD456C252C8EF92A00029DD5 /* URLSessionMock.swift in Sources */,
				AD456C3C2C8F151000029DD5 /* CoreDataStack.swift in Sources */,
				AD24651D2C90972800F6BF1E /* FavoritesViewControllerTests.swift in Sources */,
				AD456C532C904DB900029DD5 /* MockNetworkService.swift in Sources */,
				AD456C572C90560F00029DD5 /* MockRecipeView.swift in Sources */,
				AD456C3E2C8F152300029DD5 /* AppLogger.swift in Sources */,
				AD456C392C8F148100029DD5 /* RecipeEntity+CoreDataProperties.swift in Sources */,
				AD456C4A2C8F51C800029DD5 /* RecipeDetailInteractorTests.swift in Sources */,
				AD456C3B2C8F148600029DD5 /* IngredientEntity+CoreDataProperties.swift in Sources */,
				AD456C5B2C9058C300029DD5 /* MockReciMockRecipeRandomInteractorpeInteractor.swift in Sources */,
				AD456C362C8F147800029DD5 /* HistoryItemEntity+CoreDataClass.swift in Sources */,
				AD456C4E2C904B7F00029DD5 /* BaseRecipeInteractorTests.swift in Sources */,
				AD2465102C90931100F6BF1E /* MockFavoritesPresenter.swift in Sources */,
				AD2465152C90939A00F6BF1E /* FavoritesInteractorTests.swift in Sources */,
				AD456C282C8EF98700029DD5 /* NetworkServiceTests.swift in Sources */,
				AD456C372C8F147B00029DD5 /* HistoryItemEntity+CoreDataProperties.swift in Sources */,
				AD24651B2C90970B00F6BF1E /* MockFavoritesInteractor.swift in Sources */,
				AD456C352C8F11B600029DD5 /* Recipes.xcdatamodeld in Sources */,
				AD456C552C904EAF00029DD5 /* RecipeRandomInteractorTests.swift in Sources */,
				AD456C432C8F512900029DD5 /* MockRecipePresenter.swift in Sources */,
			);
			runOnlyForDeploymentPostprocessing = 0;
		};
/* End PBXSourcesBuildPhase section */

/* Begin PBXTargetDependency section */
		AD456C1D2C8EF5AB00029DD5 /* PBXTargetDependency */ = {
			isa = PBXTargetDependency;
			target = AD456B662C85C59300029DD5 /* recipes-uikit */;
			targetProxy = AD456C1C2C8EF5AB00029DD5 /* PBXContainerItemProxy */;
		};
/* End PBXTargetDependency section */

/* Begin PBXVariantGroup section */
		AD456B702C85C59300029DD5 /* Main.storyboard */ = {
			isa = PBXVariantGroup;
			children = (
				AD456B712C85C59300029DD5 /* Base */,
			);
			name = Main.storyboard;
			sourceTree = "<group>";
		};
		AD456B752C85C59500029DD5 /* LaunchScreen.storyboard */ = {
			isa = PBXVariantGroup;
			children = (
				AD456B762C85C59500029DD5 /* Base */,
			);
			name = LaunchScreen.storyboard;
			sourceTree = "<group>";
		};
/* End PBXVariantGroup section */

/* Begin XCBuildConfiguration section */
		AD456B792C85C59500029DD5 /* Debug */ = {
			isa = XCBuildConfiguration;
			buildSettings = {
				ALWAYS_SEARCH_USER_PATHS = NO;
				ASSETCATALOG_COMPILER_GENERATE_SWIFT_ASSET_SYMBOL_EXTENSIONS = YES;
				CLANG_ANALYZER_NONNULL = YES;
				CLANG_ANALYZER_NUMBER_OBJECT_CONVERSION = YES_AGGRESSIVE;
				CLANG_CXX_LANGUAGE_STANDARD = "gnu++20";
				CLANG_ENABLE_MODULES = YES;
				CLANG_ENABLE_OBJC_ARC = YES;
				CLANG_ENABLE_OBJC_WEAK = YES;
				CLANG_WARN_BLOCK_CAPTURE_AUTORELEASING = YES;
				CLANG_WARN_BOOL_CONVERSION = YES;
				CLANG_WARN_COMMA = YES;
				CLANG_WARN_CONSTANT_CONVERSION = YES;
				CLANG_WARN_DEPRECATED_OBJC_IMPLEMENTATIONS = YES;
				CLANG_WARN_DIRECT_OBJC_ISA_USAGE = YES_ERROR;
				CLANG_WARN_DOCUMENTATION_COMMENTS = YES;
				CLANG_WARN_EMPTY_BODY = YES;
				CLANG_WARN_ENUM_CONVERSION = YES;
				CLANG_WARN_INFINITE_RECURSION = YES;
				CLANG_WARN_INT_CONVERSION = YES;
				CLANG_WARN_NON_LITERAL_NULL_CONVERSION = YES;
				CLANG_WARN_OBJC_IMPLICIT_RETAIN_SELF = YES;
				CLANG_WARN_OBJC_LITERAL_CONVERSION = YES;
				CLANG_WARN_OBJC_ROOT_CLASS = YES_ERROR;
				CLANG_WARN_QUOTED_INCLUDE_IN_FRAMEWORK_HEADER = YES;
				CLANG_WARN_RANGE_LOOP_ANALYSIS = YES;
				CLANG_WARN_STRICT_PROTOTYPES = YES;
				CLANG_WARN_SUSPICIOUS_MOVE = YES;
				CLANG_WARN_UNGUARDED_AVAILABILITY = YES_AGGRESSIVE;
				CLANG_WARN_UNREACHABLE_CODE = YES;
				CLANG_WARN__DUPLICATE_METHOD_MATCH = YES;
				COPY_PHASE_STRIP = NO;
				DEBUG_INFORMATION_FORMAT = dwarf;
				ENABLE_STRICT_OBJC_MSGSEND = YES;
				ENABLE_TESTABILITY = YES;
				ENABLE_USER_SCRIPT_SANDBOXING = YES;
				GCC_C_LANGUAGE_STANDARD = gnu17;
				GCC_DYNAMIC_NO_PIC = NO;
				GCC_NO_COMMON_BLOCKS = YES;
				GCC_OPTIMIZATION_LEVEL = 0;
				GCC_PREPROCESSOR_DEFINITIONS = (
					"DEBUG=1",
					"$(inherited)",
				);
				GCC_WARN_64_TO_32_BIT_CONVERSION = YES;
				GCC_WARN_ABOUT_RETURN_TYPE = YES_ERROR;
				GCC_WARN_UNDECLARED_SELECTOR = YES;
				GCC_WARN_UNINITIALIZED_AUTOS = YES_AGGRESSIVE;
				GCC_WARN_UNUSED_FUNCTION = YES;
				GCC_WARN_UNUSED_VARIABLE = YES;
				IPHONEOS_DEPLOYMENT_TARGET = 17.5;
				LOCALIZATION_PREFERS_STRING_CATALOGS = YES;
				MTL_ENABLE_DEBUG_INFO = INCLUDE_SOURCE;
				MTL_FAST_MATH = YES;
				ONLY_ACTIVE_ARCH = YES;
				SDKROOT = iphoneos;
				SWIFT_ACTIVE_COMPILATION_CONDITIONS = "DEBUG $(inherited)";
				SWIFT_OPTIMIZATION_LEVEL = "-Onone";
			};
			name = Debug;
		};
		AD456B7A2C85C59500029DD5 /* Release */ = {
			isa = XCBuildConfiguration;
			buildSettings = {
				ALWAYS_SEARCH_USER_PATHS = NO;
				ASSETCATALOG_COMPILER_GENERATE_SWIFT_ASSET_SYMBOL_EXTENSIONS = YES;
				CLANG_ANALYZER_NONNULL = YES;
				CLANG_ANALYZER_NUMBER_OBJECT_CONVERSION = YES_AGGRESSIVE;
				CLANG_CXX_LANGUAGE_STANDARD = "gnu++20";
				CLANG_ENABLE_MODULES = YES;
				CLANG_ENABLE_OBJC_ARC = YES;
				CLANG_ENABLE_OBJC_WEAK = YES;
				CLANG_WARN_BLOCK_CAPTURE_AUTORELEASING = YES;
				CLANG_WARN_BOOL_CONVERSION = YES;
				CLANG_WARN_COMMA = YES;
				CLANG_WARN_CONSTANT_CONVERSION = YES;
				CLANG_WARN_DEPRECATED_OBJC_IMPLEMENTATIONS = YES;
				CLANG_WARN_DIRECT_OBJC_ISA_USAGE = YES_ERROR;
				CLANG_WARN_DOCUMENTATION_COMMENTS = YES;
				CLANG_WARN_EMPTY_BODY = YES;
				CLANG_WARN_ENUM_CONVERSION = YES;
				CLANG_WARN_INFINITE_RECURSION = YES;
				CLANG_WARN_INT_CONVERSION = YES;
				CLANG_WARN_NON_LITERAL_NULL_CONVERSION = YES;
				CLANG_WARN_OBJC_IMPLICIT_RETAIN_SELF = YES;
				CLANG_WARN_OBJC_LITERAL_CONVERSION = YES;
				CLANG_WARN_OBJC_ROOT_CLASS = YES_ERROR;
				CLANG_WARN_QUOTED_INCLUDE_IN_FRAMEWORK_HEADER = YES;
				CLANG_WARN_RANGE_LOOP_ANALYSIS = YES;
				CLANG_WARN_STRICT_PROTOTYPES = YES;
				CLANG_WARN_SUSPICIOUS_MOVE = YES;
				CLANG_WARN_UNGUARDED_AVAILABILITY = YES_AGGRESSIVE;
				CLANG_WARN_UNREACHABLE_CODE = YES;
				CLANG_WARN__DUPLICATE_METHOD_MATCH = YES;
				COPY_PHASE_STRIP = NO;
				DEBUG_INFORMATION_FORMAT = "dwarf-with-dsym";
				ENABLE_NS_ASSERTIONS = NO;
				ENABLE_STRICT_OBJC_MSGSEND = YES;
				ENABLE_USER_SCRIPT_SANDBOXING = YES;
				GCC_C_LANGUAGE_STANDARD = gnu17;
				GCC_NO_COMMON_BLOCKS = YES;
				GCC_WARN_64_TO_32_BIT_CONVERSION = YES;
				GCC_WARN_ABOUT_RETURN_TYPE = YES_ERROR;
				GCC_WARN_UNDECLARED_SELECTOR = YES;
				GCC_WARN_UNINITIALIZED_AUTOS = YES_AGGRESSIVE;
				GCC_WARN_UNUSED_FUNCTION = YES;
				GCC_WARN_UNUSED_VARIABLE = YES;
				IPHONEOS_DEPLOYMENT_TARGET = 17.5;
				LOCALIZATION_PREFERS_STRING_CATALOGS = YES;
				MTL_ENABLE_DEBUG_INFO = NO;
				MTL_FAST_MATH = YES;
				SDKROOT = iphoneos;
				SWIFT_COMPILATION_MODE = wholemodule;
				VALIDATE_PRODUCT = YES;
			};
			name = Release;
		};
		AD456B7C2C85C59500029DD5 /* Debug */ = {
			isa = XCBuildConfiguration;
			buildSettings = {
				ASSETCATALOG_COMPILER_APPICON_NAME = AppIcon;
				ASSETCATALOG_COMPILER_GLOBAL_ACCENT_COLOR_NAME = AccentColor;
				CODE_SIGN_STYLE = Automatic;
				CURRENT_PROJECT_VERSION = 1;
				DEVELOPMENT_TEAM = UER9S2EB72;
				GENERATE_INFOPLIST_FILE = YES;
				INFOPLIST_FILE = "recipes-uikit/Info.plist";
				INFOPLIST_KEY_UIApplicationSupportsIndirectInputEvents = YES;
				INFOPLIST_KEY_UILaunchStoryboardName = LaunchScreen;
				INFOPLIST_KEY_UIMainStoryboardFile = Main;
				INFOPLIST_KEY_UISupportedInterfaceOrientations = UIInterfaceOrientationPortrait;
				INFOPLIST_KEY_UISupportedInterfaceOrientations_iPad = "UIInterfaceOrientationLandscapeLeft UIInterfaceOrientationLandscapeRight UIInterfaceOrientationPortrait UIInterfaceOrientationPortraitUpsideDown";
				LD_RUNPATH_SEARCH_PATHS = (
					"$(inherited)",
					"@executable_path/Frameworks",
				);
				MARKETING_VERSION = 1.0;
				PRODUCT_BUNDLE_IDENTIFIER = "com.home.recipes-uikit";
				PRODUCT_NAME = "$(TARGET_NAME)";
				SWIFT_EMIT_LOC_STRINGS = YES;
				SWIFT_VERSION = 5.0;
				TARGETED_DEVICE_FAMILY = "1,2";
			};
			name = Debug;
		};
		AD456B7D2C85C59500029DD5 /* Release */ = {
			isa = XCBuildConfiguration;
			buildSettings = {
				ASSETCATALOG_COMPILER_APPICON_NAME = AppIcon;
				ASSETCATALOG_COMPILER_GLOBAL_ACCENT_COLOR_NAME = AccentColor;
				CODE_SIGN_STYLE = Automatic;
				CURRENT_PROJECT_VERSION = 1;
				DEVELOPMENT_TEAM = UER9S2EB72;
				GENERATE_INFOPLIST_FILE = YES;
				INFOPLIST_FILE = "recipes-uikit/Info.plist";
				INFOPLIST_KEY_UIApplicationSupportsIndirectInputEvents = YES;
				INFOPLIST_KEY_UILaunchStoryboardName = LaunchScreen;
				INFOPLIST_KEY_UIMainStoryboardFile = Main;
				INFOPLIST_KEY_UISupportedInterfaceOrientations = UIInterfaceOrientationPortrait;
				INFOPLIST_KEY_UISupportedInterfaceOrientations_iPad = "UIInterfaceOrientationLandscapeLeft UIInterfaceOrientationLandscapeRight UIInterfaceOrientationPortrait UIInterfaceOrientationPortraitUpsideDown";
				LD_RUNPATH_SEARCH_PATHS = (
					"$(inherited)",
					"@executable_path/Frameworks",
				);
				MARKETING_VERSION = 1.0;
				PRODUCT_BUNDLE_IDENTIFIER = "com.home.recipes-uikit";
				PRODUCT_NAME = "$(TARGET_NAME)";
				SWIFT_EMIT_LOC_STRINGS = YES;
				SWIFT_VERSION = 5.0;
				TARGETED_DEVICE_FAMILY = "1,2";
			};
			name = Release;
		};
		AD456C1F2C8EF5AB00029DD5 /* Debug */ = {
			isa = XCBuildConfiguration;
			buildSettings = {
				BUNDLE_LOADER = "$(TEST_HOST)";
				CODE_SIGN_STYLE = Automatic;
				CURRENT_PROJECT_VERSION = 1;
				DEVELOPMENT_TEAM = UER9S2EB72;
				GENERATE_INFOPLIST_FILE = YES;
				MARKETING_VERSION = 1.0;
				PRODUCT_BUNDLE_IDENTIFIER = "com.home.recipes-uikit-tests";
				PRODUCT_NAME = "$(TARGET_NAME)";
				SWIFT_EMIT_LOC_STRINGS = NO;
				SWIFT_VERSION = 5.0;
				TARGETED_DEVICE_FAMILY = "1,2";
				TEST_HOST = "$(BUILT_PRODUCTS_DIR)/recipes-uikit.app/$(BUNDLE_EXECUTABLE_FOLDER_PATH)/recipes-uikit";
			};
			name = Debug;
		};
		AD456C202C8EF5AB00029DD5 /* Release */ = {
			isa = XCBuildConfiguration;
			buildSettings = {
				BUNDLE_LOADER = "$(TEST_HOST)";
				CODE_SIGN_STYLE = Automatic;
				CURRENT_PROJECT_VERSION = 1;
				DEVELOPMENT_TEAM = UER9S2EB72;
				GENERATE_INFOPLIST_FILE = YES;
				MARKETING_VERSION = 1.0;
				PRODUCT_BUNDLE_IDENTIFIER = "com.home.recipes-uikit-tests";
				PRODUCT_NAME = "$(TARGET_NAME)";
				SWIFT_EMIT_LOC_STRINGS = NO;
				SWIFT_VERSION = 5.0;
				TARGETED_DEVICE_FAMILY = "1,2";
				TEST_HOST = "$(BUILT_PRODUCTS_DIR)/recipes-uikit.app/$(BUNDLE_EXECUTABLE_FOLDER_PATH)/recipes-uikit";
			};
			name = Release;
		};
/* End XCBuildConfiguration section */

/* Begin XCConfigurationList section */
		AD456B622C85C59300029DD5 /* Build configuration list for PBXProject "recipes-uikit" */ = {
			isa = XCConfigurationList;
			buildConfigurations = (
				AD456B792C85C59500029DD5 /* Debug */,
				AD456B7A2C85C59500029DD5 /* Release */,
			);
			defaultConfigurationIsVisible = 0;
			defaultConfigurationName = Release;
		};
		AD456B7B2C85C59500029DD5 /* Build configuration list for PBXNativeTarget "recipes-uikit" */ = {
			isa = XCConfigurationList;
			buildConfigurations = (
				AD456B7C2C85C59500029DD5 /* Debug */,
				AD456B7D2C85C59500029DD5 /* Release */,
			);
			defaultConfigurationIsVisible = 0;
			defaultConfigurationName = Release;
		};
		AD456C1E2C8EF5AB00029DD5 /* Build configuration list for PBXNativeTarget "recipes-uikit-tests" */ = {
			isa = XCConfigurationList;
			buildConfigurations = (
				AD456C1F2C8EF5AB00029DD5 /* Debug */,
				AD456C202C8EF5AB00029DD5 /* Release */,
			);
			defaultConfigurationIsVisible = 0;
			defaultConfigurationName = Release;
		};
/* End XCConfigurationList section */

/* Begin XCRemoteSwiftPackageReference section */
		AD456B932C85E8B000029DD5 /* XCRemoteSwiftPackageReference "Kingfisher" */ = {
			isa = XCRemoteSwiftPackageReference;
			repositoryURL = "https://github.com/onevcat/Kingfisher.git";
			requirement = {
				kind = upToNextMajorVersion;
				minimumVersion = 7.12.0;
			};
		};
/* End XCRemoteSwiftPackageReference section */

/* Begin XCSwiftPackageProductDependency section */
		AD456B942C85E8B000029DD5 /* Kingfisher */ = {
			isa = XCSwiftPackageProductDependency;
			package = AD456B932C85E8B000029DD5 /* XCRemoteSwiftPackageReference "Kingfisher" */;
			productName = Kingfisher;
		};
/* End XCSwiftPackageProductDependency section */

/* Begin XCVersionGroup section */
		AD456BCC2C89BCDC00029DD5 /* Recipes.xcdatamodeld */ = {
			isa = XCVersionGroup;
			children = (
				AD456BCD2C89BCDC00029DD5 /* Recipes.xcdatamodel */,
			);
			currentVersion = AD456BCD2C89BCDC00029DD5 /* Recipes.xcdatamodel */;
			path = Recipes.xcdatamodeld;
			sourceTree = "<group>";
			versionGroupType = wrapper.xcdatamodel;
		};
/* End XCVersionGroup section */
	};
	rootObject = AD456B5F2C85C59300029DD5 /* Project object */;
}
